// !$*UTF8*$!
{
	archiveVersion = 1;
	classes = {
	};
	objectVersion = 56;
	objects = {

/* Begin PBXBuildFile section */
		831548E82AEDCEE6004C82D3 /* pop_disk.c in Sources */ = {isa = PBXBuildFile; fileRef = 831548E72AEDCEE6004C82D3 /* pop_disk.c */; };
		832A5DC92AEAF20D00A008B5 /* MyRoot.c in Sources */ = {isa = PBXBuildFile; fileRef = 832A5DC72AEAF20D00A008B5 /* MyRoot.c */; };
		832A5DCC2AEAF3EB00A008B5 /* my_enums.c in Sources */ = {isa = PBXBuildFile; fileRef = 832A5DCB2AEAF3EB00A008B5 /* my_enums.c */; };
		832A5DDB2AEB4F1100A008B5 /* font_manager.c in Sources */ = {isa = PBXBuildFile; fileRef = 832A5DDA2AEB4F1100A008B5 /* font_manager.c */; };
		832F90DE2AFD9D4200B9D3C3 /* coqlib_pngs in Resources */ = {isa = PBXBuildFile; fileRef = 832F90DD2AFD9D4200B9D3C3 /* coqlib_pngs */; };
		834380D22AFADBD400452393 /* view.c in Sources */ = {isa = PBXBuildFile; fileRef = 834380C62AFADBD400452393 /* view.c */; };
		834380D32AFADBD400452393 /* sparkles.c in Sources */ = {isa = PBXBuildFile; fileRef = 834380C82AFADBD400452393 /* sparkles.c */; };
		834380D42AFADBD400452393 /* fluid.c in Sources */ = {isa = PBXBuildFile; fileRef = 834380C92AFADBD400452393 /* fluid.c */; };
		834380D52AFADBD400452393 /* _node.c in Sources */ = {isa = PBXBuildFile; fileRef = 834380CD2AFADBD400452393 /* _node.c */; };
		834380D62AFADBD400452393 /* drawable.c in Sources */ = {isa = PBXBuildFile; fileRef = 834380CE2AFADBD400452393 /* drawable.c */; };
		834380D72AFADBD400452393 /* drawable_frame.c in Sources */ = {isa = PBXBuildFile; fileRef = 834380CF2AFADBD400452393 /* drawable_frame.c */; };
		834380D82AFADBD400452393 /* root.c in Sources */ = {isa = PBXBuildFile; fileRef = 834380D02AFADBD400452393 /* root.c */; };
		8358109F2AF540340005961A /* MyUtils.c in Sources */ = {isa = PBXBuildFile; fileRef = 8358109E2AF540340005961A /* MyUtils.c */; };
		835811272AF5868B0005961A /* CoqMetalView.m in Sources */ = {isa = PBXBuildFile; fileRef = 835811232AF5868B0005961A /* CoqMetalView.m */; };
		835811282AF5868B0005961A /* Renderer.m in Sources */ = {isa = PBXBuildFile; fileRef = 835811262AF5868B0005961A /* Renderer.m */; };
		8358112B2AF586E60005961A /* pngs in Resources */ = {isa = PBXBuildFile; fileRef = 835811292AF586E60005961A /* pngs */; };
		8358112C2AF586E60005961A /* wavs in Resources */ = {isa = PBXBuildFile; fileRef = 8358112A2AF586E60005961A /* wavs */; };
		835811342AF5874E0005961A /* Localizable.strings in Resources */ = {isa = PBXBuildFile; fileRef = 835811302AF5874E0005961A /* Localizable.strings */; };
		836DFCC92AF334E300FD6D0C /* sliding_menu.c in Sources */ = {isa = PBXBuildFile; fileRef = 836DFCC82AF334E300FD6D0C /* sliding_menu.c */; };
		836EE7BD2AF17A020007C7CC /* sound.m in Sources */ = {isa = PBXBuildFile; fileRef = 836EE7BC2AF17A020007C7CC /* sound.m */; };
		83931F692AE9AC3B00B0D97B /* language.m in Sources */ = {isa = PBXBuildFile; fileRef = 83931F682AE9AC3B00B0D97B /* language.m */; };
		83931F6F2AE9DCED00B0D97B /* string_utils.c in Sources */ = {isa = PBXBuildFile; fileRef = 83931F6E2AE9DCED00B0D97B /* string_utils.c */; };
		83BD5DD52AEA9BA10079DEA2 /* graph_mesh.c in Sources */ = {isa = PBXBuildFile; fileRef = 83BD5DD42AEA9BA10079DEA2 /* graph_mesh.c */; };
		83BE4F652AF46296000AC598 /* node_structs.c in Sources */ = {isa = PBXBuildFile; fileRef = 83BE4F642AF46296000AC598 /* node_structs.c */; };
		83E1D8F92AF008A2004067BE /* button.c in Sources */ = {isa = PBXBuildFile; fileRef = 83E1D8F82AF008A2004067BE /* button.c */; };
		83E1D8FC2AF02D4C004067BE /* colors.c in Sources */ = {isa = PBXBuildFile; fileRef = 83E1D8FB2AF02D4C004067BE /* colors.c */; };
		83E1D9032AF07D7A004067BE /* utils.c in Sources */ = {isa = PBXBuildFile; fileRef = 83E1D9022AF07D7A004067BE /* utils.c */; };
		83E34FF12AEF0FDF006EC992 /* graph_mesh_apple.m in Sources */ = {isa = PBXBuildFile; fileRef = 83E34FF02AEF0FDF006EC992 /* graph_mesh_apple.m */; };
		83E79BBC2AE6FED800C5293C /* Assets.xcassets in Resources */ = {isa = PBXBuildFile; fileRef = 83E79BBB2AE6FED800C5293C /* Assets.xcassets */; };
		83E79BC12AE6FED800C5293C /* main.m in Sources */ = {isa = PBXBuildFile; fileRef = 83E79BC02AE6FED800C5293C /* main.m */; };
		83E79BF52AE706A800C5293C /* Shaders.metal in Sources */ = {isa = PBXBuildFile; fileRef = 83E79BED2AE706A800C5293C /* Shaders.metal */; };
		83E79BF72AE706A800C5293C /* AppDelegate.m in Sources */ = {isa = PBXBuildFile; fileRef = 83E79BEF2AE706A800C5293C /* AppDelegate.m */; };
		83E79C392AE707E600C5293C /* MetalKit.framework in Frameworks */ = {isa = PBXBuildFile; fileRef = 83E79C372AE707E500C5293C /* MetalKit.framework */; };
		83E79C3A2AE707E600C5293C /* Metal.framework in Frameworks */ = {isa = PBXBuildFile; fileRef = 83E79C382AE707E600C5293C /* Metal.framework */; };
		83E79C9E2AE71F8000C5293C /* timer.c in Sources */ = {isa = PBXBuildFile; fileRef = 83E79C7B2AE71F8000C5293C /* timer.c */; };
		83E79CA02AE71F8000C5293C /* maths.c in Sources */ = {isa = PBXBuildFile; fileRef = 83E79C7E2AE71F8000C5293C /* maths.c */; };
		83E79CA12AE71F8000C5293C /* smtrans.c in Sources */ = {isa = PBXBuildFile; fileRef = 83E79C7F2AE71F8000C5293C /* smtrans.c */; };
		83E79CA52AE71F8000C5293C /* smpos.c in Sources */ = {isa = PBXBuildFile; fileRef = 83E79C832AE71F8000C5293C /* smpos.c */; };
		83E79CA62AE71F8000C5293C /* node_tree.c in Sources */ = {isa = PBXBuildFile; fileRef = 83E79C842AE71F8000C5293C /* node_tree.c */; };
		83E79CA72AE71F8000C5293C /* node_squirrel.c in Sources */ = {isa = PBXBuildFile; fileRef = 83E79C852AE71F8000C5293C /* node_squirrel.c */; };
		83E79CA82AE71F8000C5293C /* camera.c in Sources */ = {isa = PBXBuildFile; fileRef = 83E79C862AE71F8000C5293C /* camera.c */; };
		83E79CA92AE71F8000C5293C /* chronometers.c in Sources */ = {isa = PBXBuildFile; fileRef = 83E79C872AE71F8000C5293C /* chronometers.c */; };
		83E79CAA2AE71F8000C5293C /* graph.c in Sources */ = {isa = PBXBuildFile; fileRef = 83E79C882AE71F8000C5293C /* graph.c */; };
		83E79CAD2AE71F8000C5293C /* graph_texture_apple.m in Sources */ = {isa = PBXBuildFile; fileRef = 83E79C8B2AE71F8000C5293C /* graph_texture_apple.m */; };
		83FBA3342AE8440000CA0A57 /* map.c in Sources */ = {isa = PBXBuildFile; fileRef = 83FBA3332AE8440000CA0A57 /* map.c */; };
/* End PBXBuildFile section */

/* Begin PBXFileReference section */
		831548E62AEDCEE6004C82D3 /* pop_disk.h */ = {isa = PBXFileReference; lastKnownFileType = sourcecode.c.h; path = pop_disk.h; sourceTree = "<group>"; };
		831548E72AEDCEE6004C82D3 /* pop_disk.c */ = {isa = PBXFileReference; lastKnownFileType = sourcecode.c.c; path = pop_disk.c; sourceTree = "<group>"; };
		832A5DC62AEAF20D00A008B5 /* my_enums.h */ = {isa = PBXFileReference; fileEncoding = 4; lastKnownFileType = sourcecode.c.h; path = my_enums.h; sourceTree = "<group>"; };
		832A5DC72AEAF20D00A008B5 /* MyRoot.c */ = {isa = PBXFileReference; fileEncoding = 4; lastKnownFileType = sourcecode.c.c; path = MyRoot.c; sourceTree = "<group>"; };
		832A5DC82AEAF20D00A008B5 /* MyRoot.h */ = {isa = PBXFileReference; fileEncoding = 4; lastKnownFileType = sourcecode.c.h; path = MyRoot.h; sourceTree = "<group>"; };
		832A5DCB2AEAF3EB00A008B5 /* my_enums.c */ = {isa = PBXFileReference; lastKnownFileType = sourcecode.c.c; path = my_enums.c; sourceTree = "<group>"; };
		832A5DD92AEB4F1100A008B5 /* font_manager.h */ = {isa = PBXFileReference; lastKnownFileType = sourcecode.c.h; path = font_manager.h; sourceTree = "<group>"; };
		832A5DDA2AEB4F1100A008B5 /* font_manager.c */ = {isa = PBXFileReference; lastKnownFileType = sourcecode.c.c; path = font_manager.c; sourceTree = "<group>"; };
		832F90DD2AFD9D4200B9D3C3 /* coqlib_pngs */ = {isa = PBXFileReference; lastKnownFileType = folder; name = coqlib_pngs; path = ../../coqlib_pngs; sourceTree = "<group>"; };
		834380C32AFADBD400452393 /* sparkles.h */ = {isa = PBXFileReference; fileEncoding = 4; lastKnownFileType = sourcecode.c.h; path = sparkles.h; sourceTree = "<group>"; };
		834380C42AFADBD400452393 /* _node_flags.h */ = {isa = PBXFileReference; fileEncoding = 4; lastKnownFileType = sourcecode.c.h; path = _node_flags.h; sourceTree = "<group>"; };
		834380C52AFADBD400452393 /* fluid.h */ = {isa = PBXFileReference; fileEncoding = 4; lastKnownFileType = sourcecode.c.h; path = fluid.h; sourceTree = "<group>"; };
		834380C62AFADBD400452393 /* view.c */ = {isa = PBXFileReference; fileEncoding = 4; lastKnownFileType = sourcecode.c.c; path = view.c; sourceTree = "<group>"; };
		834380C72AFADBD400452393 /* view.h */ = {isa = PBXFileReference; fileEncoding = 4; lastKnownFileType = sourcecode.c.h; path = view.h; sourceTree = "<group>"; };
		834380C82AFADBD400452393 /* sparkles.c */ = {isa = PBXFileReference; fileEncoding = 4; lastKnownFileType = sourcecode.c.c; path = sparkles.c; sourceTree = "<group>"; };
		834380C92AFADBD400452393 /* fluid.c */ = {isa = PBXFileReference; fileEncoding = 4; lastKnownFileType = sourcecode.c.c; path = fluid.c; sourceTree = "<group>"; };
		834380CA2AFADBD400452393 /* drawable.h */ = {isa = PBXFileReference; fileEncoding = 4; lastKnownFileType = sourcecode.c.h; path = drawable.h; sourceTree = "<group>"; };
		834380CB2AFADBD400452393 /* _node_types.h */ = {isa = PBXFileReference; fileEncoding = 4; lastKnownFileType = sourcecode.c.h; path = _node_types.h; sourceTree = "<group>"; };
		834380CC2AFADBD400452393 /* _node.h */ = {isa = PBXFileReference; fileEncoding = 4; lastKnownFileType = sourcecode.c.h; path = _node.h; sourceTree = "<group>"; };
		834380CD2AFADBD400452393 /* _node.c */ = {isa = PBXFileReference; fileEncoding = 4; lastKnownFileType = sourcecode.c.c; path = _node.c; sourceTree = "<group>"; };
		834380CE2AFADBD400452393 /* drawable.c */ = {isa = PBXFileReference; fileEncoding = 4; lastKnownFileType = sourcecode.c.c; path = drawable.c; sourceTree = "<group>"; };
		834380CF2AFADBD400452393 /* drawable_frame.c */ = {isa = PBXFileReference; fileEncoding = 4; lastKnownFileType = sourcecode.c.c; path = drawable_frame.c; sourceTree = "<group>"; };
		834380D02AFADBD400452393 /* root.c */ = {isa = PBXFileReference; fileEncoding = 4; lastKnownFileType = sourcecode.c.c; path = root.c; sourceTree = "<group>"; };
		834380D12AFADBD400452393 /* root.h */ = {isa = PBXFileReference; fileEncoding = 4; lastKnownFileType = sourcecode.c.h; path = root.h; sourceTree = "<group>"; };
		8358109D2AF540340005961A /* MyUtils.h */ = {isa = PBXFileReference; lastKnownFileType = sourcecode.c.h; path = MyUtils.h; sourceTree = "<group>"; };
		8358109E2AF540340005961A /* MyUtils.c */ = {isa = PBXFileReference; lastKnownFileType = sourcecode.c.c; path = MyUtils.c; sourceTree = "<group>"; };
		835811232AF5868B0005961A /* CoqMetalView.m */ = {isa = PBXFileReference; fileEncoding = 4; lastKnownFileType = sourcecode.c.objc; path = CoqMetalView.m; sourceTree = "<group>"; };
		835811242AF5868B0005961A /* Renderer.h */ = {isa = PBXFileReference; fileEncoding = 4; lastKnownFileType = sourcecode.c.h; path = Renderer.h; sourceTree = "<group>"; };
		835811252AF5868B0005961A /* CoqMetalView.h */ = {isa = PBXFileReference; fileEncoding = 4; lastKnownFileType = sourcecode.c.h; path = CoqMetalView.h; sourceTree = "<group>"; };
		835811262AF5868B0005961A /* Renderer.m */ = {isa = PBXFileReference; fileEncoding = 4; lastKnownFileType = sourcecode.c.objc; path = Renderer.m; sourceTree = "<group>"; };
		835811292AF586E60005961A /* pngs */ = {isa = PBXFileReference; lastKnownFileType = folder; name = pngs; path = ../../Resources/pngs; sourceTree = "<group>"; };
		8358112A2AF586E60005961A /* wavs */ = {isa = PBXFileReference; lastKnownFileType = folder; name = wavs; path = ../../Resources/wavs; sourceTree = "<group>"; };
		835811312AF5874E0005961A /* ja */ = {isa = PBXFileReference; lastKnownFileType = text.plist.strings; name = ja; path = ja.lproj/Localizable.strings; sourceTree = "<group>"; };
		835811322AF5874E0005961A /* en */ = {isa = PBXFileReference; lastKnownFileType = text.plist.strings; name = en; path = en.lproj/Localizable.strings; sourceTree = "<group>"; };
		835811332AF5874E0005961A /* fr */ = {isa = PBXFileReference; lastKnownFileType = text.plist.strings; name = fr; path = fr.lproj/Localizable.strings; sourceTree = "<group>"; };
		836DFCC72AF334E300FD6D0C /* sliding_menu.h */ = {isa = PBXFileReference; lastKnownFileType = sourcecode.c.h; path = sliding_menu.h; sourceTree = "<group>"; };
		836DFCC82AF334E300FD6D0C /* sliding_menu.c */ = {isa = PBXFileReference; lastKnownFileType = sourcecode.c.c; path = sliding_menu.c; sourceTree = "<group>"; };
		836EE7BB2AF17A020007C7CC /* sound.h */ = {isa = PBXFileReference; lastKnownFileType = sourcecode.c.h; path = sound.h; sourceTree = "<group>"; };
		836EE7BC2AF17A020007C7CC /* sound.m */ = {isa = PBXFileReference; lastKnownFileType = sourcecode.c.objc; path = sound.m; sourceTree = "<group>"; };
		83931F672AE9AC3B00B0D97B /* language.h */ = {isa = PBXFileReference; lastKnownFileType = sourcecode.c.h; path = language.h; sourceTree = "<group>"; };
		83931F682AE9AC3B00B0D97B /* language.m */ = {isa = PBXFileReference; lastKnownFileType = sourcecode.c.objc; path = language.m; sourceTree = "<group>"; };
		83931F6D2AE9DCED00B0D97B /* string_utils.h */ = {isa = PBXFileReference; lastKnownFileType = sourcecode.c.h; path = string_utils.h; sourceTree = "<group>"; };
		83931F6E2AE9DCED00B0D97B /* string_utils.c */ = {isa = PBXFileReference; lastKnownFileType = sourcecode.c.c; path = string_utils.c; sourceTree = "<group>"; };
		83BD5DD32AEA9BA10079DEA2 /* graph_mesh.h */ = {isa = PBXFileReference; lastKnownFileType = sourcecode.c.h; path = graph_mesh.h; sourceTree = "<group>"; };
		83BD5DD42AEA9BA10079DEA2 /* graph_mesh.c */ = {isa = PBXFileReference; lastKnownFileType = sourcecode.c.c; path = graph_mesh.c; sourceTree = "<group>"; };
		83BD5DD62AEA9E110079DEA2 /* graph_texture.h */ = {isa = PBXFileReference; lastKnownFileType = sourcecode.c.h; path = graph_texture.h; sourceTree = "<group>"; };
		83BE4F632AF46296000AC598 /* node_structs.h */ = {isa = PBXFileReference; lastKnownFileType = sourcecode.c.h; path = node_structs.h; sourceTree = "<group>"; };
		83BE4F642AF46296000AC598 /* node_structs.c */ = {isa = PBXFileReference; lastKnownFileType = sourcecode.c.c; path = node_structs.c; sourceTree = "<group>"; };
		83E1D8F72AF008A2004067BE /* button.h */ = {isa = PBXFileReference; lastKnownFileType = sourcecode.c.h; path = button.h; sourceTree = "<group>"; };
		83E1D8F82AF008A2004067BE /* button.c */ = {isa = PBXFileReference; lastKnownFileType = sourcecode.c.c; path = button.c; sourceTree = "<group>"; };
		83E1D8FA2AF02D4C004067BE /* colors.h */ = {isa = PBXFileReference; lastKnownFileType = sourcecode.c.h; path = colors.h; sourceTree = "<group>"; };
		83E1D8FB2AF02D4C004067BE /* colors.c */ = {isa = PBXFileReference; lastKnownFileType = sourcecode.c.c; path = colors.c; sourceTree = "<group>"; };
		83E1D9022AF07D7A004067BE /* utils.c */ = {isa = PBXFileReference; lastKnownFileType = sourcecode.c.c; path = utils.c; sourceTree = "<group>"; };
		83E34FF02AEF0FDF006EC992 /* graph_mesh_apple.m */ = {isa = PBXFileReference; lastKnownFileType = sourcecode.c.objc; path = graph_mesh_apple.m; sourceTree = "<group>"; };
		83E79BB52AE6FED800C5293C /* demo_xcode.app */ = {isa = PBXFileReference; explicitFileType = wrapper.application; includeInIndex = 0; path = demo_xcode.app; sourceTree = BUILT_PRODUCTS_DIR; };
		83E79BBB2AE6FED800C5293C /* Assets.xcassets */ = {isa = PBXFileReference; lastKnownFileType = folder.assetcatalog; path = Assets.xcassets; sourceTree = "<group>"; };
		83E79BC02AE6FED800C5293C /* main.m */ = {isa = PBXFileReference; lastKnownFileType = sourcecode.c.objc; path = main.m; sourceTree = "<group>"; };
		83E79BC22AE6FED800C5293C /* coqlib_c_xcode_test.entitlements */ = {isa = PBXFileReference; lastKnownFileType = text.plist.entitlements; path = coqlib_c_xcode_test.entitlements; sourceTree = "<group>"; };
		83E79BEA2AE706A800C5293C /* AppDelegate.h */ = {isa = PBXFileReference; fileEncoding = 4; lastKnownFileType = sourcecode.c.h; path = AppDelegate.h; sourceTree = "<group>"; };
		83E79BED2AE706A800C5293C /* Shaders.metal */ = {isa = PBXFileReference; fileEncoding = 4; lastKnownFileType = sourcecode.metal; path = Shaders.metal; sourceTree = "<group>"; };
		83E79BEF2AE706A800C5293C /* AppDelegate.m */ = {isa = PBXFileReference; fileEncoding = 4; lastKnownFileType = sourcecode.c.objc; path = AppDelegate.m; sourceTree = "<group>"; };
		83E79C372AE707E500C5293C /* MetalKit.framework */ = {isa = PBXFileReference; lastKnownFileType = wrapper.framework; name = MetalKit.framework; path = System/Library/Frameworks/MetalKit.framework; sourceTree = SDKROOT; };
		83E79C382AE707E600C5293C /* Metal.framework */ = {isa = PBXFileReference; lastKnownFileType = wrapper.framework; name = Metal.framework; path = System/Library/Frameworks/Metal.framework; sourceTree = SDKROOT; };
		83E79C7A2AE71F8000C5293C /* utils.h */ = {isa = PBXFileReference; fileEncoding = 4; lastKnownFileType = sourcecode.c.h; path = utils.h; sourceTree = "<group>"; };
		83E79C7B2AE71F8000C5293C /* timer.c */ = {isa = PBXFileReference; fileEncoding = 4; lastKnownFileType = sourcecode.c.c; path = timer.c; sourceTree = "<group>"; };
		83E79C7E2AE71F8000C5293C /* maths.c */ = {isa = PBXFileReference; fileEncoding = 4; lastKnownFileType = sourcecode.c.c; path = maths.c; sourceTree = "<group>"; };
		83E79C7F2AE71F8000C5293C /* smtrans.c */ = {isa = PBXFileReference; fileEncoding = 4; lastKnownFileType = sourcecode.c.c; path = smtrans.c; sourceTree = "<group>"; };
		83E79C832AE71F8000C5293C /* smpos.c */ = {isa = PBXFileReference; fileEncoding = 4; lastKnownFileType = sourcecode.c.c; path = smpos.c; sourceTree = "<group>"; };
		83E79C842AE71F8000C5293C /* node_tree.c */ = {isa = PBXFileReference; fileEncoding = 4; lastKnownFileType = sourcecode.c.c; path = node_tree.c; sourceTree = "<group>"; };
		83E79C852AE71F8000C5293C /* node_squirrel.c */ = {isa = PBXFileReference; fileEncoding = 4; lastKnownFileType = sourcecode.c.c; path = node_squirrel.c; sourceTree = "<group>"; };
		83E79C862AE71F8000C5293C /* camera.c */ = {isa = PBXFileReference; fileEncoding = 4; lastKnownFileType = sourcecode.c.c; path = camera.c; sourceTree = "<group>"; };
		83E79C872AE71F8000C5293C /* chronometers.c */ = {isa = PBXFileReference; fileEncoding = 4; lastKnownFileType = sourcecode.c.c; path = chronometers.c; sourceTree = "<group>"; };
		83E79C882AE71F8000C5293C /* graph.c */ = {isa = PBXFileReference; fileEncoding = 4; lastKnownFileType = sourcecode.c.c; path = graph.c; sourceTree = "<group>"; };
		83E79C8B2AE71F8000C5293C /* graph_texture_apple.m */ = {isa = PBXFileReference; fileEncoding = 4; lastKnownFileType = sourcecode.c.objc; path = graph_texture_apple.m; sourceTree = "<group>"; };
		83E79C8C2AE71F8000C5293C /* node_squirrel.h */ = {isa = PBXFileReference; fileEncoding = 4; lastKnownFileType = sourcecode.c.h; path = node_squirrel.h; sourceTree = "<group>"; };
		83E79C8D2AE71F8000C5293C /* node_tree.h */ = {isa = PBXFileReference; fileEncoding = 4; lastKnownFileType = sourcecode.c.h; path = node_tree.h; sourceTree = "<group>"; };
		83E79C8E2AE71F8000C5293C /* smpos.h */ = {isa = PBXFileReference; fileEncoding = 4; lastKnownFileType = sourcecode.c.h; path = smpos.h; sourceTree = "<group>"; };
		83E79C8F2AE71F8000C5293C /* camera.h */ = {isa = PBXFileReference; fileEncoding = 4; lastKnownFileType = sourcecode.c.h; path = camera.h; sourceTree = "<group>"; };
		83E79C902AE71F8000C5293C /* chronometers.h */ = {isa = PBXFileReference; fileEncoding = 4; lastKnownFileType = sourcecode.c.h; path = chronometers.h; sourceTree = "<group>"; };
		83E79C932AE71F8000C5293C /* graph__apple.h */ = {isa = PBXFileReference; fileEncoding = 4; lastKnownFileType = sourcecode.c.h; path = graph__apple.h; sourceTree = "<group>"; };
		83E79C942AE71F8000C5293C /* graph.h */ = {isa = PBXFileReference; fileEncoding = 4; lastKnownFileType = sourcecode.c.h; path = graph.h; sourceTree = "<group>"; };
		83E79C962AE71F8000C5293C /* timer.h */ = {isa = PBXFileReference; fileEncoding = 4; lastKnownFileType = sourcecode.c.h; path = timer.h; sourceTree = "<group>"; };
		83E79C972AE71F8000C5293C /* maths.h */ = {isa = PBXFileReference; fileEncoding = 4; lastKnownFileType = sourcecode.c.h; path = maths.h; sourceTree = "<group>"; };
		83E79C9A2AE71F8000C5293C /* smtrans.h */ = {isa = PBXFileReference; fileEncoding = 4; lastKnownFileType = sourcecode.c.h; path = smtrans.h; sourceTree = "<group>"; };
		83FBA3322AE8440000CA0A57 /* map.h */ = {isa = PBXFileReference; lastKnownFileType = sourcecode.c.h; path = map.h; sourceTree = "<group>"; };
		83FBA3332AE8440000CA0A57 /* map.c */ = {isa = PBXFileReference; lastKnownFileType = sourcecode.c.c; path = map.c; sourceTree = "<group>"; };
/* End PBXFileReference section */

/* Begin PBXFrameworksBuildPhase section */
		83E79BB22AE6FED800C5293C /* Frameworks */ = {
			isa = PBXFrameworksBuildPhase;
			buildActionMask = 2147483647;
			files = (
				83E79C3A2AE707E600C5293C /* Metal.framework in Frameworks */,
				83E79C392AE707E600C5293C /* MetalKit.framework in Frameworks */,
			);
			runOnlyForDeploymentPostprocessing = 0;
		};
/* End PBXFrameworksBuildPhase section */

/* Begin PBXGroup section */
		832A5DC52AEAF20D00A008B5 /* demo */ = {
			isa = PBXGroup;
			children = (
				832A5DC62AEAF20D00A008B5 /* my_enums.h */,
				832A5DCB2AEAF3EB00A008B5 /* my_enums.c */,
				832A5DC72AEAF20D00A008B5 /* MyRoot.c */,
				832A5DC82AEAF20D00A008B5 /* MyRoot.h */,
				8358109D2AF540340005961A /* MyUtils.h */,
				8358109E2AF540340005961A /* MyUtils.c */,
			);
			name = demo;
			path = ../demo;
			sourceTree = "<group>";
		};
		835811222AF5868B0005961A /* macos_code */ = {
			isa = PBXGroup;
			children = (
				835811252AF5868B0005961A /* CoqMetalView.h */,
				835811232AF5868B0005961A /* CoqMetalView.m */,
				835811242AF5868B0005961A /* Renderer.h */,
				835811262AF5868B0005961A /* Renderer.m */,
			);
			name = macos_code;
			path = ../macos_code;
			sourceTree = "<group>";
		};
		8358112F2AF5874E0005961A /* Strings */ = {
			isa = PBXGroup;
			children = (
				835811302AF5874E0005961A /* Localizable.strings */,
			);
			path = Strings;
			sourceTree = "<group>";
		};
		836EE7BA2AF1792F0007C7CC /* divers */ = {
			isa = PBXGroup;
			children = (
				836EE7BB2AF17A020007C7CC /* sound.h */,
				836EE7BC2AF17A020007C7CC /* sound.m */,
				83E79C872AE71F8000C5293C /* chronometers.c */,
				83E79C902AE71F8000C5293C /* chronometers.h */,
				83931F672AE9AC3B00B0D97B /* language.h */,
				83931F682AE9AC3B00B0D97B /* language.m */,
				83FBA3322AE8440000CA0A57 /* map.h */,
				83FBA3332AE8440000CA0A57 /* map.c */,
				83931F6E2AE9DCED00B0D97B /* string_utils.c */,
				83931F6D2AE9DCED00B0D97B /* string_utils.h */,
				83E79C7B2AE71F8000C5293C /* timer.c */,
				83E79C962AE71F8000C5293C /* timer.h */,
				83E1D9022AF07D7A004067BE /* utils.c */,
				83E79C7A2AE71F8000C5293C /* utils.h */,
			);
			path = divers;
			sourceTree = "<group>";
		};
		83953C462AEC374C004CB625 /* node */ = {
			isa = PBXGroup;
			children = (
				834380C42AFADBD400452393 /* _node_flags.h */,
				834380CB2AFADBD400452393 /* _node_types.h */,
				834380CD2AFADBD400452393 /* _node.c */,
				834380CC2AFADBD400452393 /* _node.h */,
				83E1D8F82AF008A2004067BE /* button.c */,
				83E1D8F72AF008A2004067BE /* button.h */,
				834380CF2AFADBD400452393 /* drawable_frame.c */,
				834380CE2AFADBD400452393 /* drawable.c */,
				834380CA2AFADBD400452393 /* drawable.h */,
				834380C92AFADBD400452393 /* fluid.c */,
				834380C52AFADBD400452393 /* fluid.h */,
				83E79C852AE71F8000C5293C /* node_squirrel.c */,
				83E79C8C2AE71F8000C5293C /* node_squirrel.h */,
				83BE4F642AF46296000AC598 /* node_structs.c */,
				83BE4F632AF46296000AC598 /* node_structs.h */,
				83E79C842AE71F8000C5293C /* node_tree.c */,
				83E79C8D2AE71F8000C5293C /* node_tree.h */,
				831548E72AEDCEE6004C82D3 /* pop_disk.c */,
				831548E62AEDCEE6004C82D3 /* pop_disk.h */,
				834380D02AFADBD400452393 /* root.c */,
				834380D12AFADBD400452393 /* root.h */,
				836DFCC82AF334E300FD6D0C /* sliding_menu.c */,
				836DFCC72AF334E300FD6D0C /* sliding_menu.h */,
				834380C82AFADBD400452393 /* sparkles.c */,
				834380C32AFADBD400452393 /* sparkles.h */,
				834380C62AFADBD400452393 /* view.c */,
				834380C72AFADBD400452393 /* view.h */,
			);
			path = node;
			sourceTree = "<group>";
		};
		83953C472AEC376E004CB625 /* graph */ = {
			isa = PBXGroup;
			children = (
				83E79C942AE71F8000C5293C /* graph.h */,
				83E34FF02AEF0FDF006EC992 /* graph_mesh_apple.m */,
				83BD5DD42AEA9BA10079DEA2 /* graph_mesh.c */,
				83BD5DD62AEA9E110079DEA2 /* graph_texture.h */,
				83E79C8B2AE71F8000C5293C /* graph_texture_apple.m */,
				83E79C882AE71F8000C5293C /* graph.c */,
				83BD5DD32AEA9BA10079DEA2 /* graph_mesh.h */,
				832A5DD92AEB4F1100A008B5 /* font_manager.h */,
				832A5DDA2AEB4F1100A008B5 /* font_manager.c */,
				83E79C932AE71F8000C5293C /* graph__apple.h */,
				83E1D8FA2AF02D4C004067BE /* colors.h */,
				83E1D8FB2AF02D4C004067BE /* colors.c */,
			);
			path = graph;
			sourceTree = "<group>";
		};
		83953C482AEC37A5004CB625 /* maths */ = {
			isa = PBXGroup;
			children = (
				83E79C862AE71F8000C5293C /* camera.c */,
				83E79C8F2AE71F8000C5293C /* camera.h */,
				83E79C7E2AE71F8000C5293C /* maths.c */,
				83E79C972AE71F8000C5293C /* maths.h */,
				83E79C832AE71F8000C5293C /* smpos.c */,
				83E79C8E2AE71F8000C5293C /* smpos.h */,
				83E79C7F2AE71F8000C5293C /* smtrans.c */,
				83E79C9A2AE71F8000C5293C /* smtrans.h */,
			);
			path = maths;
			sourceTree = "<group>";
		};
		83E79BAC2AE6FED700C5293C = {
			isa = PBXGroup;
			children = (
				835811222AF5868B0005961A /* macos_code */,
				83E79C782AE71F8000C5293C /* coqlib */,
				832A5DC52AEAF20D00A008B5 /* demo */,
				83E79BB72AE6FED800C5293C /* demo_xcode */,
				83E79C362AE707E500C5293C /* Frameworks */,
				83E79BB62AE6FED800C5293C /* Products */,
				83E79BFB2AE706F200C5293C /* Resources */,
			);
			sourceTree = "<group>";
		};
		83E79BB62AE6FED800C5293C /* Products */ = {
			isa = PBXGroup;
			children = (
				83E79BB52AE6FED800C5293C /* demo_xcode.app */,
			);
			name = Products;
			sourceTree = "<group>";
		};
		83E79BB72AE6FED800C5293C /* demo_xcode */ = {
			isa = PBXGroup;
			children = (
				83E79BEA2AE706A800C5293C /* AppDelegate.h */,
				83E79BEF2AE706A800C5293C /* AppDelegate.m */,
				83E79BBB2AE6FED800C5293C /* Assets.xcassets */,
				83E79BC22AE6FED800C5293C /* coqlib_c_xcode_test.entitlements */,
				83E79BC02AE6FED800C5293C /* main.m */,
				83E79BED2AE706A800C5293C /* Shaders.metal */,
			);
			path = demo_xcode;
			sourceTree = "<group>";
		};
		83E79BFB2AE706F200C5293C /* Resources */ = {
			isa = PBXGroup;
			children = (
				832F90DD2AFD9D4200B9D3C3 /* coqlib_pngs */,
				8358112F2AF5874E0005961A /* Strings */,
				835811292AF586E60005961A /* pngs */,
				8358112A2AF586E60005961A /* wavs */,
			);
			path = Resources;
			sourceTree = "<group>";
		};
		83E79C362AE707E500C5293C /* Frameworks */ = {
			isa = PBXGroup;
			children = (
				83E79C382AE707E600C5293C /* Metal.framework */,
				83E79C372AE707E500C5293C /* MetalKit.framework */,
			);
			name = Frameworks;
			sourceTree = "<group>";
		};
		83E79C782AE71F8000C5293C /* coqlib */ = {
			isa = PBXGroup;
			children = (
				836EE7BA2AF1792F0007C7CC /* divers */,
				83953C472AEC376E004CB625 /* graph */,
				83953C482AEC37A5004CB625 /* maths */,
				83953C462AEC374C004CB625 /* node */,
			);
			name = coqlib;
			path = ../coqlib;
			sourceTree = "<group>";
		};
/* End PBXGroup section */

/* Begin PBXNativeTarget section */
		83E79BB42AE6FED800C5293C /* demo_xcode */ = {
			isa = PBXNativeTarget;
			buildConfigurationList = 83E79BC52AE6FED800C5293C /* Build configuration list for PBXNativeTarget "demo_xcode" */;
			buildPhases = (
				83E79BB12AE6FED800C5293C /* Sources */,
				83E79BB22AE6FED800C5293C /* Frameworks */,
				83E79BB32AE6FED800C5293C /* Resources */,
			);
			buildRules = (
			);
			dependencies = (
			);
			name = demo_xcode;
			productName = coqlib_c_xcode_test;
			productReference = 83E79BB52AE6FED800C5293C /* demo_xcode.app */;
			productType = "com.apple.product-type.application";
		};
/* End PBXNativeTarget section */

/* Begin PBXProject section */
		83E79BAD2AE6FED700C5293C /* Project object */ = {
			isa = PBXProject;
			attributes = {
				BuildIndependentTargetsInParallel = 1;
				LastUpgradeCheck = 1430;
				TargetAttributes = {
					83E79BB42AE6FED800C5293C = {
						CreatedOnToolsVersion = 14.3.1;
					};
				};
			};
			buildConfigurationList = 83E79BB02AE6FED700C5293C /* Build configuration list for PBXProject "demo_xcode" */;
			compatibilityVersion = "Xcode 14.0";
			developmentRegion = en;
			hasScannedForEncodings = 0;
			knownRegions = (
				en,
				Base,
				fr,
				ja,
			);
			mainGroup = 83E79BAC2AE6FED700C5293C;
			productRefGroup = 83E79BB62AE6FED800C5293C /* Products */;
			projectDirPath = "";
			projectRoot = "";
			targets = (
				83E79BB42AE6FED800C5293C /* demo_xcode */,
			);
		};
/* End PBXProject section */

/* Begin PBXResourcesBuildPhase section */
		83E79BB32AE6FED800C5293C /* Resources */ = {
			isa = PBXResourcesBuildPhase;
			buildActionMask = 2147483647;
			files = (
				8358112B2AF586E60005961A /* pngs in Resources */,
				835811342AF5874E0005961A /* Localizable.strings in Resources */,
				832F90DE2AFD9D4200B9D3C3 /* coqlib_pngs in Resources */,
				8358112C2AF586E60005961A /* wavs in Resources */,
				83E79BBC2AE6FED800C5293C /* Assets.xcassets in Resources */,
			);
			runOnlyForDeploymentPostprocessing = 0;
		};
/* End PBXResourcesBuildPhase section */

/* Begin PBXSourcesBuildPhase section */
		83E79BB12AE6FED800C5293C /* Sources */ = {
			isa = PBXSourcesBuildPhase;
			buildActionMask = 2147483647;
			files = (
				834380D42AFADBD400452393 /* fluid.c in Sources */,
				83E79CA52AE71F8000C5293C /* smpos.c in Sources */,
				83E79CA02AE71F8000C5293C /* maths.c in Sources */,
				83E79BF52AE706A800C5293C /* Shaders.metal in Sources */,
				834380D52AFADBD400452393 /* _node.c in Sources */,
				83E1D8FC2AF02D4C004067BE /* colors.c in Sources */,
				83E79CAD2AE71F8000C5293C /* graph_texture_apple.m in Sources */,
				83E79CA62AE71F8000C5293C /* node_tree.c in Sources */,
				83E79CA92AE71F8000C5293C /* chronometers.c in Sources */,
				8358109F2AF540340005961A /* MyUtils.c in Sources */,
				83E79CA82AE71F8000C5293C /* camera.c in Sources */,
				83E79C9E2AE71F8000C5293C /* timer.c in Sources */,
				83E79BF72AE706A800C5293C /* AppDelegate.m in Sources */,
				834380D62AFADBD400452393 /* drawable.c in Sources */,
				831548E82AEDCEE6004C82D3 /* pop_disk.c in Sources */,
				83E79CA12AE71F8000C5293C /* smtrans.c in Sources */,
				83931F692AE9AC3B00B0D97B /* language.m in Sources */,
				83FBA3342AE8440000CA0A57 /* map.c in Sources */,
				835811272AF5868B0005961A /* CoqMetalView.m in Sources */,
				836DFCC92AF334E300FD6D0C /* sliding_menu.c in Sources */,
				832A5DC92AEAF20D00A008B5 /* MyRoot.c in Sources */,
				834380D22AFADBD400452393 /* view.c in Sources */,
				83E1D9032AF07D7A004067BE /* utils.c in Sources */,
				83BE4F652AF46296000AC598 /* node_structs.c in Sources */,
				834380D32AFADBD400452393 /* sparkles.c in Sources */,
				83931F6F2AE9DCED00B0D97B /* string_utils.c in Sources */,
				83E79CA72AE71F8000C5293C /* node_squirrel.c in Sources */,
				834380D72AFADBD400452393 /* drawable_frame.c in Sources */,
				832A5DCC2AEAF3EB00A008B5 /* my_enums.c in Sources */,
				832A5DDB2AEB4F1100A008B5 /* font_manager.c in Sources */,
				83E79CAA2AE71F8000C5293C /* graph.c in Sources */,
				83E1D8F92AF008A2004067BE /* button.c in Sources */,
				835811282AF5868B0005961A /* Renderer.m in Sources */,
				83E34FF12AEF0FDF006EC992 /* graph_mesh_apple.m in Sources */,
				83E79BC12AE6FED800C5293C /* main.m in Sources */,
				834380D82AFADBD400452393 /* root.c in Sources */,
				836EE7BD2AF17A020007C7CC /* sound.m in Sources */,
				83BD5DD52AEA9BA10079DEA2 /* graph_mesh.c in Sources */,
			);
			runOnlyForDeploymentPostprocessing = 0;
		};
/* End PBXSourcesBuildPhase section */

/* Begin PBXVariantGroup section */
		835811302AF5874E0005961A /* Localizable.strings */ = {
			isa = PBXVariantGroup;
			children = (
				835811312AF5874E0005961A /* ja */,
				835811322AF5874E0005961A /* en */,
				835811332AF5874E0005961A /* fr */,
			);
			name = Localizable.strings;
			sourceTree = "<group>";
		};
/* End PBXVariantGroup section */

/* Begin XCBuildConfiguration section */
		83E79BC32AE6FED800C5293C /* Debug */ = {
			isa = XCBuildConfiguration;
			buildSettings = {
				ALWAYS_SEARCH_USER_PATHS = NO;
				CLANG_ANALYZER_LOCALIZABILITY_NONLOCALIZED = YES;
				CLANG_ANALYZER_NONNULL = YES;
				CLANG_ANALYZER_NUMBER_OBJECT_CONVERSION = YES_AGGRESSIVE;
				CLANG_CXX_LANGUAGE_STANDARD = "gnu++20";
				CLANG_ENABLE_MODULES = YES;
				CLANG_ENABLE_OBJC_ARC = YES;
				CLANG_ENABLE_OBJC_WEAK = YES;
				CLANG_WARN_BLOCK_CAPTURE_AUTORELEASING = YES;
				CLANG_WARN_BOOL_CONVERSION = YES;
				CLANG_WARN_COMMA = YES;
				CLANG_WARN_CONSTANT_CONVERSION = YES;
				CLANG_WARN_DEPRECATED_OBJC_IMPLEMENTATIONS = YES;
				CLANG_WARN_DIRECT_OBJC_ISA_USAGE = YES_ERROR;
				CLANG_WARN_DOCUMENTATION_COMMENTS = YES;
				CLANG_WARN_EMPTY_BODY = YES;
				CLANG_WARN_ENUM_CONVERSION = YES;
				CLANG_WARN_INFINITE_RECURSION = YES;
				CLANG_WARN_INT_CONVERSION = YES;
				CLANG_WARN_NON_LITERAL_NULL_CONVERSION = YES;
				CLANG_WARN_OBJC_IMPLICIT_RETAIN_SELF = YES;
				CLANG_WARN_OBJC_LITERAL_CONVERSION = YES;
				CLANG_WARN_OBJC_ROOT_CLASS = YES_ERROR;
				CLANG_WARN_QUOTED_INCLUDE_IN_FRAMEWORK_HEADER = YES;
				CLANG_WARN_RANGE_LOOP_ANALYSIS = YES;
				CLANG_WARN_STRICT_PROTOTYPES = YES;
				CLANG_WARN_SUSPICIOUS_MOVE = YES;
				CLANG_WARN_UNGUARDED_AVAILABILITY = YES_AGGRESSIVE;
				CLANG_WARN_UNREACHABLE_CODE = YES;
				CLANG_WARN__DUPLICATE_METHOD_MATCH = YES;
				COPY_PHASE_STRIP = NO;
				DEBUG_INFORMATION_FORMAT = dwarf;
				ENABLE_STRICT_OBJC_MSGSEND = YES;
				ENABLE_TESTABILITY = YES;
				GCC_C_LANGUAGE_STANDARD = gnu11;
				GCC_DYNAMIC_NO_PIC = NO;
				GCC_NO_COMMON_BLOCKS = YES;
				GCC_OPTIMIZATION_LEVEL = 0;
				GCC_PREPROCESSOR_DEFINITIONS = (
					"DEBUG=1",
					"$(inherited)",
				);
				GCC_WARN_64_TO_32_BIT_CONVERSION = YES;
				GCC_WARN_ABOUT_RETURN_TYPE = YES_ERROR;
				GCC_WARN_UNDECLARED_SELECTOR = YES;
				GCC_WARN_UNINITIALIZED_AUTOS = YES_AGGRESSIVE;
				GCC_WARN_UNUSED_FUNCTION = YES;
				GCC_WARN_UNUSED_VARIABLE = YES;
				MACOSX_DEPLOYMENT_TARGET = 13.2;
				MTL_ENABLE_DEBUG_INFO = INCLUDE_SOURCE;
				MTL_FAST_MATH = YES;
				ONLY_ACTIVE_ARCH = YES;
				SDKROOT = macosx;
			};
			name = Debug;
		};
		83E79BC42AE6FED800C5293C /* Release */ = {
			isa = XCBuildConfiguration;
			buildSettings = {
				ALWAYS_SEARCH_USER_PATHS = NO;
				CLANG_ANALYZER_LOCALIZABILITY_NONLOCALIZED = YES;
				CLANG_ANALYZER_NONNULL = YES;
				CLANG_ANALYZER_NUMBER_OBJECT_CONVERSION = YES_AGGRESSIVE;
				CLANG_CXX_LANGUAGE_STANDARD = "gnu++20";
				CLANG_ENABLE_MODULES = YES;
				CLANG_ENABLE_OBJC_ARC = YES;
				CLANG_ENABLE_OBJC_WEAK = YES;
				CLANG_WARN_BLOCK_CAPTURE_AUTORELEASING = YES;
				CLANG_WARN_BOOL_CONVERSION = YES;
				CLANG_WARN_COMMA = YES;
				CLANG_WARN_CONSTANT_CONVERSION = YES;
				CLANG_WARN_DEPRECATED_OBJC_IMPLEMENTATIONS = YES;
				CLANG_WARN_DIRECT_OBJC_ISA_USAGE = YES_ERROR;
				CLANG_WARN_DOCUMENTATION_COMMENTS = YES;
				CLANG_WARN_EMPTY_BODY = YES;
				CLANG_WARN_ENUM_CONVERSION = YES;
				CLANG_WARN_INFINITE_RECURSION = YES;
				CLANG_WARN_INT_CONVERSION = YES;
				CLANG_WARN_NON_LITERAL_NULL_CONVERSION = YES;
				CLANG_WARN_OBJC_IMPLICIT_RETAIN_SELF = YES;
				CLANG_WARN_OBJC_LITERAL_CONVERSION = YES;
				CLANG_WARN_OBJC_ROOT_CLASS = YES_ERROR;
				CLANG_WARN_QUOTED_INCLUDE_IN_FRAMEWORK_HEADER = YES;
				CLANG_WARN_RANGE_LOOP_ANALYSIS = YES;
				CLANG_WARN_STRICT_PROTOTYPES = YES;
				CLANG_WARN_SUSPICIOUS_MOVE = YES;
				CLANG_WARN_UNGUARDED_AVAILABILITY = YES_AGGRESSIVE;
				CLANG_WARN_UNREACHABLE_CODE = YES;
				CLANG_WARN__DUPLICATE_METHOD_MATCH = YES;
				COPY_PHASE_STRIP = NO;
				DEBUG_INFORMATION_FORMAT = "dwarf-with-dsym";
				ENABLE_NS_ASSERTIONS = NO;
				ENABLE_STRICT_OBJC_MSGSEND = YES;
				GCC_C_LANGUAGE_STANDARD = gnu11;
				GCC_NO_COMMON_BLOCKS = YES;
				GCC_WARN_64_TO_32_BIT_CONVERSION = YES;
				GCC_WARN_ABOUT_RETURN_TYPE = YES_ERROR;
				GCC_WARN_UNDECLARED_SELECTOR = YES;
				GCC_WARN_UNINITIALIZED_AUTOS = YES_AGGRESSIVE;
				GCC_WARN_UNUSED_FUNCTION = YES;
				GCC_WARN_UNUSED_VARIABLE = YES;
				MACOSX_DEPLOYMENT_TARGET = 13.2;
				MTL_ENABLE_DEBUG_INFO = NO;
				MTL_FAST_MATH = YES;
				SDKROOT = macosx;
			};
			name = Release;
		};
		83E79BC62AE6FED800C5293C /* Debug */ = {
			isa = XCBuildConfiguration;
			buildSettings = {
				ASSETCATALOG_COMPILER_APPICON_NAME = AppIcon;
				ASSETCATALOG_COMPILER_GLOBAL_ACCENT_COLOR_NAME = "";
				ASSETCATALOG_COMPILER_INCLUDE_ALL_APPICON_ASSETS = YES;
				CODE_SIGN_ENTITLEMENTS = demo_xcode/coqlib_c_xcode_test.entitlements;
				CODE_SIGN_STYLE = Automatic;
				COMBINE_HIDPI_IMAGES = YES;
				CURRENT_PROJECT_VERSION = 1;
				GENERATE_INFOPLIST_FILE = YES;
				INFOPLIST_KEY_NSHumanReadableCopyright = "";
				INFOPLIST_KEY_NSMainNibFile = "";
				INFOPLIST_KEY_NSPrincipalClass = NSApplication;
				LD_RUNPATH_SEARCH_PATHS = (
					"$(inherited)",
					"@executable_path/../Frameworks",
				);
				MACOSX_DEPLOYMENT_TARGET = 10.15;
				MARKETING_VERSION = 1.0;
				PRODUCT_BUNDLE_IDENTIFIER = "Coq.coqlib-c-xcode-test";
				PRODUCT_NAME = "$(TARGET_NAME)";
				SWIFT_EMIT_LOC_STRINGS = YES;
			};
			name = Debug;
		};
		83E79BC72AE6FED800C5293C /* Release */ = {
			isa = XCBuildConfiguration;
			buildSettings = {
				ASSETCATALOG_COMPILER_APPICON_NAME = AppIcon;
				ASSETCATALOG_COMPILER_GLOBAL_ACCENT_COLOR_NAME = "";
				ASSETCATALOG_COMPILER_INCLUDE_ALL_APPICON_ASSETS = YES;
				CODE_SIGN_ENTITLEMENTS = demo_xcode/coqlib_c_xcode_test.entitlements;
				CODE_SIGN_STYLE = Automatic;
				COMBINE_HIDPI_IMAGES = YES;
				CURRENT_PROJECT_VERSION = 1;
				GENERATE_INFOPLIST_FILE = YES;
				INFOPLIST_KEY_NSHumanReadableCopyright = "";
				INFOPLIST_KEY_NSMainNibFile = "";
				INFOPLIST_KEY_NSPrincipalClass = NSApplication;
				LD_RUNPATH_SEARCH_PATHS = (
					"$(inherited)",
					"@executable_path/../Frameworks",
				);
				MACOSX_DEPLOYMENT_TARGET = 10.15;
				MARKETING_VERSION = 1.0;
				PRODUCT_BUNDLE_IDENTIFIER = "Coq.coqlib-c-xcode-test";
				PRODUCT_NAME = "$(TARGET_NAME)";
				SWIFT_EMIT_LOC_STRINGS = YES;
			};
			name = Release;
		};
/* End XCBuildConfiguration section */

/* Begin XCConfigurationList section */
		83E79BB02AE6FED700C5293C /* Build configuration list for PBXProject "demo_xcode" */ = {
			isa = XCConfigurationList;
			buildConfigurations = (
				83E79BC32AE6FED800C5293C /* Debug */,
				83E79BC42AE6FED800C5293C /* Release */,
			);
			defaultConfigurationIsVisible = 0;
			defaultConfigurationName = Release;
		};
		83E79BC52AE6FED800C5293C /* Build configuration list for PBXNativeTarget "demo_xcode" */ = {
			isa = XCConfigurationList;
			buildConfigurations = (
				83E79BC62AE6FED800C5293C /* Debug */,
				83E79BC72AE6FED800C5293C /* Release */,
			);
			defaultConfigurationIsVisible = 0;
			defaultConfigurationName = Release;
		};
/* End XCConfigurationList section */
	};
	rootObject = 83E79BAD2AE6FED700C5293C /* Project object */;
}
