// !$*UTF8*$!
{
	archiveVersion = 1;
	classes = {
	};
	objectVersion = 56;
	objects = {

/* Begin PBXBuildFile section */
		832DD8E62B07B649009FA1FC /* coqevent.c in Sources */ = {isa = PBXBuildFile; fileRef = 832DD8E52B07B649009FA1FC /* coqevent.c */; };
		8358112B2AF586E60005961A /* pngs in Resources */ = {isa = PBXBuildFile; fileRef = 835811292AF586E60005961A /* pngs */; };
		8358112C2AF586E60005961A /* wavs in Resources */ = {isa = PBXBuildFile; fileRef = 8358112A2AF586E60005961A /* wavs */; };
		835811342AF5874E0005961A /* Localizable.strings in Resources */ = {isa = PBXBuildFile; fileRef = 835811302AF5874E0005961A /* Localizable.strings */; };
		837B0EEB2B0528AB00B00C05 /* coqlib_pngs in Resources */ = {isa = PBXBuildFile; fileRef = 837B0EEA2B0528AA00B00C05 /* coqlib_pngs */; };
		837B0EF52B05292900B00C05 /* my_enums.c in Sources */ = {isa = PBXBuildFile; fileRef = 837B0EEF2B05292900B00C05 /* my_enums.c */; };
		837B0EF62B05292900B00C05 /* MyUtils.c in Sources */ = {isa = PBXBuildFile; fileRef = 837B0EF02B05292900B00C05 /* MyUtils.c */; };
		837B0EF72B05292900B00C05 /* MyRoot.c in Sources */ = {isa = PBXBuildFile; fileRef = 837B0EF12B05292900B00C05 /* MyRoot.c */; };
		837B0F3F2B05294200B00C05 /* timer.c in Sources */ = {isa = PBXBuildFile; fileRef = 837B0EFC2B05294200B00C05 /* timer.c */; };
		837B0F402B05294200B00C05 /* utils.c in Sources */ = {isa = PBXBuildFile; fileRef = 837B0F022B05294200B00C05 /* utils.c */; };
		837B0F412B05294200B00C05 /* sound.m in Sources */ = {isa = PBXBuildFile; fileRef = 837B0F032B05294200B00C05 /* sound.m */; };
		837B0F422B05294200B00C05 /* map.c in Sources */ = {isa = PBXBuildFile; fileRef = 837B0F042B05294200B00C05 /* map.c */; };
		837B0F432B05294200B00C05 /* string_utils.c in Sources */ = {isa = PBXBuildFile; fileRef = 837B0F052B05294200B00C05 /* string_utils.c */; };
		837B0F442B05294200B00C05 /* language.m in Sources */ = {isa = PBXBuildFile; fileRef = 837B0F062B05294200B00C05 /* language.m */; };
		837B0F452B05294200B00C05 /* chronometers.c in Sources */ = {isa = PBXBuildFile; fileRef = 837B0F072B05294200B00C05 /* chronometers.c */; };
		837B0F462B05294200B00C05 /* graph_mesh_apple.m in Sources */ = {isa = PBXBuildFile; fileRef = 837B0F0D2B05294200B00C05 /* graph_mesh_apple.m */; };
		837B0F472B05294200B00C05 /* font_manager.c in Sources */ = {isa = PBXBuildFile; fileRef = 837B0F0F2B05294200B00C05 /* font_manager.c */; };
		837B0F482B05294200B00C05 /* graph_mesh.c in Sources */ = {isa = PBXBuildFile; fileRef = 837B0F102B05294200B00C05 /* graph_mesh.c */; };
		837B0F492B05294200B00C05 /* graph.c in Sources */ = {isa = PBXBuildFile; fileRef = 837B0F122B05294200B00C05 /* graph.c */; };
		837B0F4A2B05294200B00C05 /* graph_texture_apple.m in Sources */ = {isa = PBXBuildFile; fileRef = 837B0F132B05294200B00C05 /* graph_texture_apple.m */; };
		837B0F4B2B05294200B00C05 /* colors.c in Sources */ = {isa = PBXBuildFile; fileRef = 837B0F142B05294200B00C05 /* colors.c */; };
		837B0F4C2B05294200B00C05 /* CoqMetalView.m in Sources */ = {isa = PBXBuildFile; fileRef = 837B0F162B05294200B00C05 /* CoqMetalView.m */; };
		837B0F4D2B05294200B00C05 /* Renderer.m in Sources */ = {isa = PBXBuildFile; fileRef = 837B0F192B05294200B00C05 /* Renderer.m */; };
		837B0F4E2B05294200B00C05 /* maths.c in Sources */ = {isa = PBXBuildFile; fileRef = 837B0F1B2B05294200B00C05 /* maths.c */; };
		837B0F4F2B05294200B00C05 /* smtrans.c in Sources */ = {isa = PBXBuildFile; fileRef = 837B0F1C2B05294200B00C05 /* smtrans.c */; };
		837B0F502B05294200B00C05 /* smpos.c in Sources */ = {isa = PBXBuildFile; fileRef = 837B0F202B05294200B00C05 /* smpos.c */; };
		837B0F512B05294200B00C05 /* camera.c in Sources */ = {isa = PBXBuildFile; fileRef = 837B0F222B05294200B00C05 /* camera.c */; };
		837B0F522B05294200B00C05 /* sliding_menu.c in Sources */ = {isa = PBXBuildFile; fileRef = 837B0F242B05294200B00C05 /* sliding_menu.c */; };
		837B0F532B05294200B00C05 /* pop_disk.c in Sources */ = {isa = PBXBuildFile; fileRef = 837B0F252B05294200B00C05 /* pop_disk.c */; };
		837B0F542B05294200B00C05 /* node_structs.c in Sources */ = {isa = PBXBuildFile; fileRef = 837B0F262B05294200B00C05 /* node_structs.c */; };
		837B0F552B05294200B00C05 /* sparkles.c in Sources */ = {isa = PBXBuildFile; fileRef = 837B0F272B05294200B00C05 /* sparkles.c */; };
		837B0F562B05294200B00C05 /* button.c in Sources */ = {isa = PBXBuildFile; fileRef = 837B0F292B05294200B00C05 /* button.c */; };
		837B0F572B05294200B00C05 /* _node.c in Sources */ = {isa = PBXBuildFile; fileRef = 837B0F2C2B05294200B00C05 /* _node.c */; };
		837B0F582B05294200B00C05 /* root.c in Sources */ = {isa = PBXBuildFile; fileRef = 837B0F2D2B05294200B00C05 /* root.c */; };
		837B0F592B05294200B00C05 /* fluid.c in Sources */ = {isa = PBXBuildFile; fileRef = 837B0F2F2B05294200B00C05 /* fluid.c */; };
		837B0F5A2B05294200B00C05 /* node_tree.c in Sources */ = {isa = PBXBuildFile; fileRef = 837B0F352B05294200B00C05 /* node_tree.c */; };
		837B0F5B2B05294200B00C05 /* node_squirrel.c in Sources */ = {isa = PBXBuildFile; fileRef = 837B0F372B05294200B00C05 /* node_squirrel.c */; };
		837B0F5C2B05294200B00C05 /* drawable_frame.c in Sources */ = {isa = PBXBuildFile; fileRef = 837B0F392B05294200B00C05 /* drawable_frame.c */; };
		837B0F5D2B05294200B00C05 /* drawable.c in Sources */ = {isa = PBXBuildFile; fileRef = 837B0F3A2B05294200B00C05 /* drawable.c */; };
		837B0F5E2B05294200B00C05 /* view.c in Sources */ = {isa = PBXBuildFile; fileRef = 837B0F3D2B05294200B00C05 /* view.c */; };
		83E79BBC2AE6FED800C5293C /* Assets.xcassets in Resources */ = {isa = PBXBuildFile; fileRef = 83E79BBB2AE6FED800C5293C /* Assets.xcassets */; };
		83E79BC12AE6FED800C5293C /* main.m in Sources */ = {isa = PBXBuildFile; fileRef = 83E79BC02AE6FED800C5293C /* main.m */; };
		83E79BF52AE706A800C5293C /* Shaders.metal in Sources */ = {isa = PBXBuildFile; fileRef = 83E79BED2AE706A800C5293C /* Shaders.metal */; };
		83E79BF72AE706A800C5293C /* AppDelegate.m in Sources */ = {isa = PBXBuildFile; fileRef = 83E79BEF2AE706A800C5293C /* AppDelegate.m */; };
		83E79C392AE707E600C5293C /* MetalKit.framework in Frameworks */ = {isa = PBXBuildFile; fileRef = 83E79C372AE707E500C5293C /* MetalKit.framework */; };
		83E79C3A2AE707E600C5293C /* Metal.framework in Frameworks */ = {isa = PBXBuildFile; fileRef = 83E79C382AE707E600C5293C /* Metal.framework */; };
/* End PBXBuildFile section */

/* Begin PBXFileReference section */
		832DD8E42B07B649009FA1FC /* coqevent.h */ = {isa = PBXFileReference; lastKnownFileType = sourcecode.c.h; path = coqevent.h; sourceTree = "<group>"; };
		832DD8E52B07B649009FA1FC /* coqevent.c */ = {isa = PBXFileReference; lastKnownFileType = sourcecode.c.c; path = coqevent.c; sourceTree = "<group>"; };
		835811292AF586E60005961A /* pngs */ = {isa = PBXFileReference; lastKnownFileType = folder; name = pngs; path = ../../Resources/pngs; sourceTree = "<group>"; };
		8358112A2AF586E60005961A /* wavs */ = {isa = PBXFileReference; lastKnownFileType = folder; name = wavs; path = ../../Resources/wavs; sourceTree = "<group>"; };
		835811312AF5874E0005961A /* ja */ = {isa = PBXFileReference; lastKnownFileType = text.plist.strings; name = ja; path = ja.lproj/Localizable.strings; sourceTree = "<group>"; };
		835811322AF5874E0005961A /* en */ = {isa = PBXFileReference; lastKnownFileType = text.plist.strings; name = en; path = en.lproj/Localizable.strings; sourceTree = "<group>"; };
		835811332AF5874E0005961A /* fr */ = {isa = PBXFileReference; lastKnownFileType = text.plist.strings; name = fr; path = fr.lproj/Localizable.strings; sourceTree = "<group>"; };
		837B0EEA2B0528AA00B00C05 /* coqlib_pngs */ = {isa = PBXFileReference; lastKnownFileType = folder; name = coqlib_pngs; path = ../../../coqlib_pngs; sourceTree = "<group>"; };
		837B0EEF2B05292900B00C05 /* my_enums.c */ = {isa = PBXFileReference; fileEncoding = 4; lastKnownFileType = sourcecode.c.c; path = my_enums.c; sourceTree = "<group>"; };
		837B0EF02B05292900B00C05 /* MyUtils.c */ = {isa = PBXFileReference; fileEncoding = 4; lastKnownFileType = sourcecode.c.c; path = MyUtils.c; sourceTree = "<group>"; };
		837B0EF12B05292900B00C05 /* MyRoot.c */ = {isa = PBXFileReference; fileEncoding = 4; lastKnownFileType = sourcecode.c.c; path = MyRoot.c; sourceTree = "<group>"; };
		837B0EF22B05292900B00C05 /* my_enums.h */ = {isa = PBXFileReference; fileEncoding = 4; lastKnownFileType = sourcecode.c.h; path = my_enums.h; sourceTree = "<group>"; };
		837B0EF32B05292900B00C05 /* MyUtils.h */ = {isa = PBXFileReference; fileEncoding = 4; lastKnownFileType = sourcecode.c.h; path = MyUtils.h; sourceTree = "<group>"; };
		837B0EF42B05292900B00C05 /* MyRoot.h */ = {isa = PBXFileReference; fileEncoding = 4; lastKnownFileType = sourcecode.c.h; path = MyRoot.h; sourceTree = "<group>"; };
		837B0EFA2B05294200B00C05 /* sound.h */ = {isa = PBXFileReference; fileEncoding = 4; lastKnownFileType = sourcecode.c.h; path = sound.h; sourceTree = "<group>"; };
		837B0EFB2B05294200B00C05 /* utils.h */ = {isa = PBXFileReference; fileEncoding = 4; lastKnownFileType = sourcecode.c.h; path = utils.h; sourceTree = "<group>"; };
		837B0EFC2B05294200B00C05 /* timer.c */ = {isa = PBXFileReference; fileEncoding = 4; lastKnownFileType = sourcecode.c.c; path = timer.c; sourceTree = "<group>"; };
		837B0EFD2B05294200B00C05 /* string_utils.h */ = {isa = PBXFileReference; fileEncoding = 4; lastKnownFileType = sourcecode.c.h; path = string_utils.h; sourceTree = "<group>"; };
		837B0EFE2B05294200B00C05 /* map.h */ = {isa = PBXFileReference; fileEncoding = 4; lastKnownFileType = sourcecode.c.h; path = map.h; sourceTree = "<group>"; };
		837B0EFF2B05294200B00C05 /* chronometers.h */ = {isa = PBXFileReference; fileEncoding = 4; lastKnownFileType = sourcecode.c.h; path = chronometers.h; sourceTree = "<group>"; };
		837B0F002B05294200B00C05 /* language.h */ = {isa = PBXFileReference; fileEncoding = 4; lastKnownFileType = sourcecode.c.h; path = language.h; sourceTree = "<group>"; };
		837B0F012B05294200B00C05 /* timer.h */ = {isa = PBXFileReference; fileEncoding = 4; lastKnownFileType = sourcecode.c.h; path = timer.h; sourceTree = "<group>"; };
		837B0F022B05294200B00C05 /* utils.c */ = {isa = PBXFileReference; fileEncoding = 4; lastKnownFileType = sourcecode.c.c; path = utils.c; sourceTree = "<group>"; };
		837B0F032B05294200B00C05 /* sound.m */ = {isa = PBXFileReference; fileEncoding = 4; lastKnownFileType = sourcecode.c.objc; path = sound.m; sourceTree = "<group>"; };
		837B0F042B05294200B00C05 /* map.c */ = {isa = PBXFileReference; fileEncoding = 4; lastKnownFileType = sourcecode.c.c; path = map.c; sourceTree = "<group>"; };
		837B0F052B05294200B00C05 /* string_utils.c */ = {isa = PBXFileReference; fileEncoding = 4; lastKnownFileType = sourcecode.c.c; path = string_utils.c; sourceTree = "<group>"; };
		837B0F062B05294200B00C05 /* language.m */ = {isa = PBXFileReference; fileEncoding = 4; lastKnownFileType = sourcecode.c.objc; path = language.m; sourceTree = "<group>"; };
		837B0F072B05294200B00C05 /* chronometers.c */ = {isa = PBXFileReference; fileEncoding = 4; lastKnownFileType = sourcecode.c.c; path = chronometers.c; sourceTree = "<group>"; };
		837B0F092B05294200B00C05 /* graph_texture.h */ = {isa = PBXFileReference; fileEncoding = 4; lastKnownFileType = sourcecode.c.h; path = graph_texture.h; sourceTree = "<group>"; };
		837B0F0A2B05294200B00C05 /* font_manager.h */ = {isa = PBXFileReference; fileEncoding = 4; lastKnownFileType = sourcecode.c.h; path = font_manager.h; sourceTree = "<group>"; };
		837B0F0B2B05294200B00C05 /* graph_mesh.h */ = {isa = PBXFileReference; fileEncoding = 4; lastKnownFileType = sourcecode.c.h; path = graph_mesh.h; sourceTree = "<group>"; };
		837B0F0C2B05294200B00C05 /* colors.h */ = {isa = PBXFileReference; fileEncoding = 4; lastKnownFileType = sourcecode.c.h; path = colors.h; sourceTree = "<group>"; };
		837B0F0D2B05294200B00C05 /* graph_mesh_apple.m */ = {isa = PBXFileReference; fileEncoding = 4; lastKnownFileType = sourcecode.c.objc; path = graph_mesh_apple.m; sourceTree = "<group>"; };
		837B0F0E2B05294200B00C05 /* graph.h */ = {isa = PBXFileReference; fileEncoding = 4; lastKnownFileType = sourcecode.c.h; path = graph.h; sourceTree = "<group>"; };
		837B0F0F2B05294200B00C05 /* font_manager.c */ = {isa = PBXFileReference; fileEncoding = 4; lastKnownFileType = sourcecode.c.c; path = font_manager.c; sourceTree = "<group>"; };
		837B0F102B05294200B00C05 /* graph_mesh.c */ = {isa = PBXFileReference; fileEncoding = 4; lastKnownFileType = sourcecode.c.c; path = graph_mesh.c; sourceTree = "<group>"; };
		837B0F112B05294200B00C05 /* graph__apple.h */ = {isa = PBXFileReference; fileEncoding = 4; lastKnownFileType = sourcecode.c.h; path = graph__apple.h; sourceTree = "<group>"; };
		837B0F122B05294200B00C05 /* graph.c */ = {isa = PBXFileReference; fileEncoding = 4; lastKnownFileType = sourcecode.c.c; path = graph.c; sourceTree = "<group>"; };
		837B0F132B05294200B00C05 /* graph_texture_apple.m */ = {isa = PBXFileReference; fileEncoding = 4; lastKnownFileType = sourcecode.c.objc; path = graph_texture_apple.m; sourceTree = "<group>"; };
		837B0F142B05294200B00C05 /* colors.c */ = {isa = PBXFileReference; fileEncoding = 4; lastKnownFileType = sourcecode.c.c; path = colors.c; sourceTree = "<group>"; };
		837B0F162B05294200B00C05 /* CoqMetalView.m */ = {isa = PBXFileReference; fileEncoding = 4; lastKnownFileType = sourcecode.c.objc; path = CoqMetalView.m; sourceTree = "<group>"; };
		837B0F172B05294200B00C05 /* Renderer.h */ = {isa = PBXFileReference; fileEncoding = 4; lastKnownFileType = sourcecode.c.h; path = Renderer.h; sourceTree = "<group>"; };
		837B0F182B05294200B00C05 /* CoqMetalView.h */ = {isa = PBXFileReference; fileEncoding = 4; lastKnownFileType = sourcecode.c.h; path = CoqMetalView.h; sourceTree = "<group>"; };
		837B0F192B05294200B00C05 /* Renderer.m */ = {isa = PBXFileReference; fileEncoding = 4; lastKnownFileType = sourcecode.c.objc; path = Renderer.m; sourceTree = "<group>"; };
		837B0F1B2B05294200B00C05 /* maths.c */ = {isa = PBXFileReference; fileEncoding = 4; lastKnownFileType = sourcecode.c.c; path = maths.c; sourceTree = "<group>"; };
		837B0F1C2B05294200B00C05 /* smtrans.c */ = {isa = PBXFileReference; fileEncoding = 4; lastKnownFileType = sourcecode.c.c; path = smtrans.c; sourceTree = "<group>"; };
		837B0F1D2B05294200B00C05 /* smpos.h */ = {isa = PBXFileReference; fileEncoding = 4; lastKnownFileType = sourcecode.c.h; path = smpos.h; sourceTree = "<group>"; };
		837B0F1E2B05294200B00C05 /* camera.h */ = {isa = PBXFileReference; fileEncoding = 4; lastKnownFileType = sourcecode.c.h; path = camera.h; sourceTree = "<group>"; };
		837B0F1F2B05294200B00C05 /* maths.h */ = {isa = PBXFileReference; fileEncoding = 4; lastKnownFileType = sourcecode.c.h; path = maths.h; sourceTree = "<group>"; };
		837B0F202B05294200B00C05 /* smpos.c */ = {isa = PBXFileReference; fileEncoding = 4; lastKnownFileType = sourcecode.c.c; path = smpos.c; sourceTree = "<group>"; };
		837B0F212B05294200B00C05 /* smtrans.h */ = {isa = PBXFileReference; fileEncoding = 4; lastKnownFileType = sourcecode.c.h; path = smtrans.h; sourceTree = "<group>"; };
		837B0F222B05294200B00C05 /* camera.c */ = {isa = PBXFileReference; fileEncoding = 4; lastKnownFileType = sourcecode.c.c; path = camera.c; sourceTree = "<group>"; };
		837B0F242B05294200B00C05 /* sliding_menu.c */ = {isa = PBXFileReference; fileEncoding = 4; lastKnownFileType = sourcecode.c.c; path = sliding_menu.c; sourceTree = "<group>"; };
		837B0F252B05294200B00C05 /* pop_disk.c */ = {isa = PBXFileReference; fileEncoding = 4; lastKnownFileType = sourcecode.c.c; path = pop_disk.c; sourceTree = "<group>"; };
		837B0F262B05294200B00C05 /* node_structs.c */ = {isa = PBXFileReference; fileEncoding = 4; lastKnownFileType = sourcecode.c.c; path = node_structs.c; sourceTree = "<group>"; };
		837B0F272B05294200B00C05 /* sparkles.c */ = {isa = PBXFileReference; fileEncoding = 4; lastKnownFileType = sourcecode.c.c; path = sparkles.c; sourceTree = "<group>"; };
		837B0F282B05294200B00C05 /* drawable.h */ = {isa = PBXFileReference; fileEncoding = 4; lastKnownFileType = sourcecode.c.h; path = drawable.h; sourceTree = "<group>"; };
		837B0F292B05294200B00C05 /* button.c */ = {isa = PBXFileReference; fileEncoding = 4; lastKnownFileType = sourcecode.c.c; path = button.c; sourceTree = "<group>"; };
		837B0F2A2B05294200B00C05 /* node_squirrel.h */ = {isa = PBXFileReference; fileEncoding = 4; lastKnownFileType = sourcecode.c.h; path = node_squirrel.h; sourceTree = "<group>"; };
		837B0F2B2B05294200B00C05 /* node_tree.h */ = {isa = PBXFileReference; fileEncoding = 4; lastKnownFileType = sourcecode.c.h; path = node_tree.h; sourceTree = "<group>"; };
		837B0F2C2B05294200B00C05 /* _node.c */ = {isa = PBXFileReference; fileEncoding = 4; lastKnownFileType = sourcecode.c.c; path = _node.c; sourceTree = "<group>"; };
		837B0F2D2B05294200B00C05 /* root.c */ = {isa = PBXFileReference; fileEncoding = 4; lastKnownFileType = sourcecode.c.c; path = root.c; sourceTree = "<group>"; };
		837B0F2E2B05294200B00C05 /* view.h */ = {isa = PBXFileReference; fileEncoding = 4; lastKnownFileType = sourcecode.c.h; path = view.h; sourceTree = "<group>"; };
		837B0F2F2B05294200B00C05 /* fluid.c */ = {isa = PBXFileReference; fileEncoding = 4; lastKnownFileType = sourcecode.c.c; path = fluid.c; sourceTree = "<group>"; };
		837B0F302B05294200B00C05 /* sparkles.h */ = {isa = PBXFileReference; fileEncoding = 4; lastKnownFileType = sourcecode.c.h; path = sparkles.h; sourceTree = "<group>"; };
		837B0F312B05294200B00C05 /* _node_flags.h */ = {isa = PBXFileReference; fileEncoding = 4; lastKnownFileType = sourcecode.c.h; path = _node_flags.h; sourceTree = "<group>"; };
		837B0F322B05294200B00C05 /* node_structs.h */ = {isa = PBXFileReference; fileEncoding = 4; lastKnownFileType = sourcecode.c.h; path = node_structs.h; sourceTree = "<group>"; };
		837B0F332B05294200B00C05 /* pop_disk.h */ = {isa = PBXFileReference; fileEncoding = 4; lastKnownFileType = sourcecode.c.h; path = pop_disk.h; sourceTree = "<group>"; };
		837B0F342B05294200B00C05 /* sliding_menu.h */ = {isa = PBXFileReference; fileEncoding = 4; lastKnownFileType = sourcecode.c.h; path = sliding_menu.h; sourceTree = "<group>"; };
		837B0F352B05294200B00C05 /* node_tree.c */ = {isa = PBXFileReference; fileEncoding = 4; lastKnownFileType = sourcecode.c.c; path = node_tree.c; sourceTree = "<group>"; };
		837B0F362B05294200B00C05 /* _node.h */ = {isa = PBXFileReference; fileEncoding = 4; lastKnownFileType = sourcecode.c.h; path = _node.h; sourceTree = "<group>"; };
		837B0F372B05294200B00C05 /* node_squirrel.c */ = {isa = PBXFileReference; fileEncoding = 4; lastKnownFileType = sourcecode.c.c; path = node_squirrel.c; sourceTree = "<group>"; };
		837B0F382B05294200B00C05 /* button.h */ = {isa = PBXFileReference; fileEncoding = 4; lastKnownFileType = sourcecode.c.h; path = button.h; sourceTree = "<group>"; };
		837B0F392B05294200B00C05 /* drawable_frame.c */ = {isa = PBXFileReference; fileEncoding = 4; lastKnownFileType = sourcecode.c.c; path = drawable_frame.c; sourceTree = "<group>"; };
		837B0F3A2B05294200B00C05 /* drawable.c */ = {isa = PBXFileReference; fileEncoding = 4; lastKnownFileType = sourcecode.c.c; path = drawable.c; sourceTree = "<group>"; };
		837B0F3B2B05294200B00C05 /* root.h */ = {isa = PBXFileReference; fileEncoding = 4; lastKnownFileType = sourcecode.c.h; path = root.h; sourceTree = "<group>"; };
		837B0F3C2B05294200B00C05 /* fluid.h */ = {isa = PBXFileReference; fileEncoding = 4; lastKnownFileType = sourcecode.c.h; path = fluid.h; sourceTree = "<group>"; };
		837B0F3D2B05294200B00C05 /* view.c */ = {isa = PBXFileReference; fileEncoding = 4; lastKnownFileType = sourcecode.c.c; path = view.c; sourceTree = "<group>"; };
		837B0F3E2B05294200B00C05 /* _node_types.h */ = {isa = PBXFileReference; fileEncoding = 4; lastKnownFileType = sourcecode.c.h; path = _node_types.h; sourceTree = "<group>"; };
		83E79BB52AE6FED800C5293C /* demo_xcode.app */ = {isa = PBXFileReference; explicitFileType = wrapper.application; includeInIndex = 0; path = demo_xcode.app; sourceTree = BUILT_PRODUCTS_DIR; };
		83E79BBB2AE6FED800C5293C /* Assets.xcassets */ = {isa = PBXFileReference; lastKnownFileType = folder.assetcatalog; path = Assets.xcassets; sourceTree = "<group>"; };
		83E79BC02AE6FED800C5293C /* main.m */ = {isa = PBXFileReference; lastKnownFileType = sourcecode.c.objc; path = main.m; sourceTree = "<group>"; };
		83E79BC22AE6FED800C5293C /* coqlib_c_xcode_test.entitlements */ = {isa = PBXFileReference; lastKnownFileType = text.plist.entitlements; path = coqlib_c_xcode_test.entitlements; sourceTree = "<group>"; };
		83E79BEA2AE706A800C5293C /* AppDelegate.h */ = {isa = PBXFileReference; fileEncoding = 4; lastKnownFileType = sourcecode.c.h; path = AppDelegate.h; sourceTree = "<group>"; };
		83E79BED2AE706A800C5293C /* Shaders.metal */ = {isa = PBXFileReference; fileEncoding = 4; lastKnownFileType = sourcecode.metal; path = Shaders.metal; sourceTree = "<group>"; };
		83E79BEF2AE706A800C5293C /* AppDelegate.m */ = {isa = PBXFileReference; fileEncoding = 4; lastKnownFileType = sourcecode.c.objc; path = AppDelegate.m; sourceTree = "<group>"; };
		83E79C372AE707E500C5293C /* MetalKit.framework */ = {isa = PBXFileReference; lastKnownFileType = wrapper.framework; name = MetalKit.framework; path = System/Library/Frameworks/MetalKit.framework; sourceTree = SDKROOT; };
		83E79C382AE707E600C5293C /* Metal.framework */ = {isa = PBXFileReference; lastKnownFileType = wrapper.framework; name = Metal.framework; path = System/Library/Frameworks/Metal.framework; sourceTree = SDKROOT; };
/* End PBXFileReference section */

/* Begin PBXFrameworksBuildPhase section */
		83E79BB22AE6FED800C5293C /* Frameworks */ = {
			isa = PBXFrameworksBuildPhase;
			buildActionMask = 2147483647;
			files = (
				83E79C3A2AE707E600C5293C /* Metal.framework in Frameworks */,
				83E79C392AE707E600C5293C /* MetalKit.framework in Frameworks */,
			);
			runOnlyForDeploymentPostprocessing = 0;
		};
/* End PBXFrameworksBuildPhase section */

/* Begin PBXGroup section */
		8358112F2AF5874E0005961A /* Strings */ = {
			isa = PBXGroup;
			children = (
				835811302AF5874E0005961A /* Localizable.strings */,
			);
			path = Strings;
			sourceTree = "<group>";
		};
		837B0EEE2B05292900B00C05 /* code */ = {
			isa = PBXGroup;
			children = (
				837B0EEF2B05292900B00C05 /* my_enums.c */,
				837B0EF02B05292900B00C05 /* MyUtils.c */,
				837B0EF12B05292900B00C05 /* MyRoot.c */,
				837B0EF22B05292900B00C05 /* my_enums.h */,
				837B0EF32B05292900B00C05 /* MyUtils.h */,
				837B0EF42B05292900B00C05 /* MyRoot.h */,
			);
			name = code;
			path = ../code;
			sourceTree = "<group>";
		};
		837B0EF82B05294200B00C05 /* coqlib */ = {
			isa = PBXGroup;
			children = (
				837B0EF92B05294200B00C05 /* divers */,
				837B0F082B05294200B00C05 /* graph */,
				837B0F152B05294200B00C05 /* _apple */,
				837B0F1A2B05294200B00C05 /* maths */,
				837B0F232B05294200B00C05 /* node */,
			);
			name = coqlib;
			path = ../../coqlib;
			sourceTree = "<group>";
		};
		837B0EF92B05294200B00C05 /* divers */ = {
			isa = PBXGroup;
			children = (
				837B0EFA2B05294200B00C05 /* sound.h */,
				837B0EFB2B05294200B00C05 /* utils.h */,
				837B0EFC2B05294200B00C05 /* timer.c */,
				837B0EFD2B05294200B00C05 /* string_utils.h */,
				837B0EFE2B05294200B00C05 /* map.h */,
				837B0EFF2B05294200B00C05 /* chronometers.h */,
				837B0F002B05294200B00C05 /* language.h */,
				837B0F012B05294200B00C05 /* timer.h */,
				837B0F022B05294200B00C05 /* utils.c */,
				837B0F032B05294200B00C05 /* sound.m */,
				837B0F042B05294200B00C05 /* map.c */,
				837B0F052B05294200B00C05 /* string_utils.c */,
				837B0F062B05294200B00C05 /* language.m */,
				837B0F072B05294200B00C05 /* chronometers.c */,
				832DD8E42B07B649009FA1FC /* coqevent.h */,
				832DD8E52B07B649009FA1FC /* coqevent.c */,
			);
			path = divers;
			sourceTree = "<group>";
		};
		837B0F082B05294200B00C05 /* graph */ = {
			isa = PBXGroup;
			children = (
				837B0F142B05294200B00C05 /* colors.c */,
				837B0F0C2B05294200B00C05 /* colors.h */,
				837B0F0F2B05294200B00C05 /* font_manager.c */,
				837B0F0A2B05294200B00C05 /* font_manager.h */,
				837B0F112B05294200B00C05 /* graph__apple.h */,
				837B0F0D2B05294200B00C05 /* graph_mesh_apple.m */,
				837B0F102B05294200B00C05 /* graph_mesh.c */,
				837B0F0B2B05294200B00C05 /* graph_mesh.h */,
				837B0F132B05294200B00C05 /* graph_texture_apple.m */,
				837B0F092B05294200B00C05 /* graph_texture.h */,
				837B0F122B05294200B00C05 /* graph.c */,
				837B0F0E2B05294200B00C05 /* graph.h */,
			);
			path = graph;
			sourceTree = "<group>";
		};
		837B0F152B05294200B00C05 /* _apple */ = {
			isa = PBXGroup;
			children = (
				837B0F162B05294200B00C05 /* CoqMetalView.m */,
				837B0F172B05294200B00C05 /* Renderer.h */,
				837B0F182B05294200B00C05 /* CoqMetalView.h */,
				837B0F192B05294200B00C05 /* Renderer.m */,
			);
			path = _apple;
			sourceTree = "<group>";
		};
		837B0F1A2B05294200B00C05 /* maths */ = {
			isa = PBXGroup;
			children = (
				837B0F1B2B05294200B00C05 /* maths.c */,
				837B0F1C2B05294200B00C05 /* smtrans.c */,
				837B0F1D2B05294200B00C05 /* smpos.h */,
				837B0F1E2B05294200B00C05 /* camera.h */,
				837B0F1F2B05294200B00C05 /* maths.h */,
				837B0F202B05294200B00C05 /* smpos.c */,
				837B0F212B05294200B00C05 /* smtrans.h */,
				837B0F222B05294200B00C05 /* camera.c */,
			);
			path = maths;
			sourceTree = "<group>";
		};
		837B0F232B05294200B00C05 /* node */ = {
			isa = PBXGroup;
			children = (
				837B0F312B05294200B00C05 /* _node_flags.h */,
				837B0F3E2B05294200B00C05 /* _node_types.h */,
				837B0F2C2B05294200B00C05 /* _node.c */,
				837B0F362B05294200B00C05 /* _node.h */,
				837B0F292B05294200B00C05 /* button.c */,
				837B0F382B05294200B00C05 /* button.h */,
				837B0F392B05294200B00C05 /* drawable_frame.c */,
				837B0F3A2B05294200B00C05 /* drawable.c */,
				837B0F282B05294200B00C05 /* drawable.h */,
				837B0F2F2B05294200B00C05 /* fluid.c */,
				837B0F3C2B05294200B00C05 /* fluid.h */,
				837B0F372B05294200B00C05 /* node_squirrel.c */,
				837B0F2A2B05294200B00C05 /* node_squirrel.h */,
				837B0F262B05294200B00C05 /* node_structs.c */,
				837B0F322B05294200B00C05 /* node_structs.h */,
				837B0F352B05294200B00C05 /* node_tree.c */,
				837B0F2B2B05294200B00C05 /* node_tree.h */,
				837B0F252B05294200B00C05 /* pop_disk.c */,
				837B0F332B05294200B00C05 /* pop_disk.h */,
				837B0F2D2B05294200B00C05 /* root.c */,
				837B0F3B2B05294200B00C05 /* root.h */,
				837B0F242B05294200B00C05 /* sliding_menu.c */,
				837B0F342B05294200B00C05 /* sliding_menu.h */,
				837B0F272B05294200B00C05 /* sparkles.c */,
				837B0F302B05294200B00C05 /* sparkles.h */,
				837B0F3D2B05294200B00C05 /* view.c */,
				837B0F2E2B05294200B00C05 /* view.h */,
			);
			path = node;
			sourceTree = "<group>";
		};
		83E79BAC2AE6FED700C5293C = {
			isa = PBXGroup;
			children = (
				837B0EF82B05294200B00C05 /* coqlib */,
				837B0EEE2B05292900B00C05 /* code */,
				83E79BB72AE6FED800C5293C /* demo_xcode */,
				83E79C362AE707E500C5293C /* Frameworks */,
				83E79BB62AE6FED800C5293C /* Products */,
				83E79BFB2AE706F200C5293C /* Resources */,
			);
			sourceTree = "<group>";
		};
		83E79BB62AE6FED800C5293C /* Products */ = {
			isa = PBXGroup;
			children = (
				83E79BB52AE6FED800C5293C /* demo_xcode.app */,
			);
			name = Products;
			sourceTree = "<group>";
		};
		83E79BB72AE6FED800C5293C /* demo_xcode */ = {
			isa = PBXGroup;
			children = (
				83E79BEA2AE706A800C5293C /* AppDelegate.h */,
				83E79BEF2AE706A800C5293C /* AppDelegate.m */,
				83E79BBB2AE6FED800C5293C /* Assets.xcassets */,
				83E79BC22AE6FED800C5293C /* coqlib_c_xcode_test.entitlements */,
				83E79BC02AE6FED800C5293C /* main.m */,
				83E79BED2AE706A800C5293C /* Shaders.metal */,
			);
			path = demo_xcode;
			sourceTree = "<group>";
		};
		83E79BFB2AE706F200C5293C /* Resources */ = {
			isa = PBXGroup;
			children = (
				837B0EEA2B0528AA00B00C05 /* coqlib_pngs */,
				8358112F2AF5874E0005961A /* Strings */,
				835811292AF586E60005961A /* pngs */,
				8358112A2AF586E60005961A /* wavs */,
			);
			path = Resources;
			sourceTree = "<group>";
		};
		83E79C362AE707E500C5293C /* Frameworks */ = {
			isa = PBXGroup;
			children = (
				83E79C382AE707E600C5293C /* Metal.framework */,
				83E79C372AE707E500C5293C /* MetalKit.framework */,
			);
			name = Frameworks;
			sourceTree = "<group>";
		};
/* End PBXGroup section */

/* Begin PBXNativeTarget section */
		83E79BB42AE6FED800C5293C /* demo_xcode */ = {
			isa = PBXNativeTarget;
			buildConfigurationList = 83E79BC52AE6FED800C5293C /* Build configuration list for PBXNativeTarget "demo_xcode" */;
			buildPhases = (
				83E79BB12AE6FED800C5293C /* Sources */,
				83E79BB22AE6FED800C5293C /* Frameworks */,
				83E79BB32AE6FED800C5293C /* Resources */,
			);
			buildRules = (
			);
			dependencies = (
			);
			name = demo_xcode;
			productName = coqlib_c_xcode_test;
			productReference = 83E79BB52AE6FED800C5293C /* demo_xcode.app */;
			productType = "com.apple.product-type.application";
		};
/* End PBXNativeTarget section */

/* Begin PBXProject section */
		83E79BAD2AE6FED700C5293C /* Project object */ = {
			isa = PBXProject;
			attributes = {
				BuildIndependentTargetsInParallel = 1;
				LastUpgradeCheck = 1430;
				TargetAttributes = {
					83E79BB42AE6FED800C5293C = {
						CreatedOnToolsVersion = 14.3.1;
					};
				};
			};
			buildConfigurationList = 83E79BB02AE6FED700C5293C /* Build configuration list for PBXProject "demo_xcode" */;
			compatibilityVersion = "Xcode 14.0";
			developmentRegion = en;
			hasScannedForEncodings = 0;
			knownRegions = (
				en,
				Base,
				fr,
				ja,
			);
			mainGroup = 83E79BAC2AE6FED700C5293C;
			productRefGroup = 83E79BB62AE6FED800C5293C /* Products */;
			projectDirPath = "";
			projectRoot = "";
			targets = (
				83E79BB42AE6FED800C5293C /* demo_xcode */,
			);
		};
/* End PBXProject section */

/* Begin PBXResourcesBuildPhase section */
		83E79BB32AE6FED800C5293C /* Resources */ = {
			isa = PBXResourcesBuildPhase;
			buildActionMask = 2147483647;
			files = (
				8358112B2AF586E60005961A /* pngs in Resources */,
				835811342AF5874E0005961A /* Localizable.strings in Resources */,
				837B0EEB2B0528AB00B00C05 /* coqlib_pngs in Resources */,
				8358112C2AF586E60005961A /* wavs in Resources */,
				83E79BBC2AE6FED800C5293C /* Assets.xcassets in Resources */,
			);
			runOnlyForDeploymentPostprocessing = 0;
		};
/* End PBXResourcesBuildPhase section */

/* Begin PBXSourcesBuildPhase section */
		83E79BB12AE6FED800C5293C /* Sources */ = {
			isa = PBXSourcesBuildPhase;
			buildActionMask = 2147483647;
			files = (
				837B0F462B05294200B00C05 /* graph_mesh_apple.m in Sources */,
				837B0F522B05294200B00C05 /* sliding_menu.c in Sources */,
				837B0F5B2B05294200B00C05 /* node_squirrel.c in Sources */,
				837B0F4B2B05294200B00C05 /* colors.c in Sources */,
				837B0F4D2B05294200B00C05 /* Renderer.m in Sources */,
				837B0F542B05294200B00C05 /* node_structs.c in Sources */,
				837B0F432B05294200B00C05 /* string_utils.c in Sources */,
				837B0F472B05294200B00C05 /* font_manager.c in Sources */,
				837B0F412B05294200B00C05 /* sound.m in Sources */,
				837B0F452B05294200B00C05 /* chronometers.c in Sources */,
				837B0F5E2B05294200B00C05 /* view.c in Sources */,
				837B0F4E2B05294200B00C05 /* maths.c in Sources */,
				837B0F552B05294200B00C05 /* sparkles.c in Sources */,
				837B0EF52B05292900B00C05 /* my_enums.c in Sources */,
				837B0F422B05294200B00C05 /* map.c in Sources */,
				837B0F5A2B05294200B00C05 /* node_tree.c in Sources */,
				837B0F402B05294200B00C05 /* utils.c in Sources */,
				837B0F442B05294200B00C05 /* language.m in Sources */,
				837B0F5C2B05294200B00C05 /* drawable_frame.c in Sources */,
				837B0F5D2B05294200B00C05 /* drawable.c in Sources */,
				832DD8E62B07B649009FA1FC /* coqevent.c in Sources */,
				837B0EF72B05292900B00C05 /* MyRoot.c in Sources */,
				837B0F3F2B05294200B00C05 /* timer.c in Sources */,
				837B0F572B05294200B00C05 /* _node.c in Sources */,
				837B0F482B05294200B00C05 /* graph_mesh.c in Sources */,
				837B0F512B05294200B00C05 /* camera.c in Sources */,
				837B0F492B05294200B00C05 /* graph.c in Sources */,
				83E79BF52AE706A800C5293C /* Shaders.metal in Sources */,
				837B0F562B05294200B00C05 /* button.c in Sources */,
				837B0F532B05294200B00C05 /* pop_disk.c in Sources */,
				83E79BF72AE706A800C5293C /* AppDelegate.m in Sources */,
				837B0F502B05294200B00C05 /* smpos.c in Sources */,
				837B0F4F2B05294200B00C05 /* smtrans.c in Sources */,
				837B0F592B05294200B00C05 /* fluid.c in Sources */,
				837B0F582B05294200B00C05 /* root.c in Sources */,
				837B0F4A2B05294200B00C05 /* graph_texture_apple.m in Sources */,
				837B0EF62B05292900B00C05 /* MyUtils.c in Sources */,
				837B0F4C2B05294200B00C05 /* CoqMetalView.m in Sources */,
				83E79BC12AE6FED800C5293C /* main.m in Sources */,
			);
			runOnlyForDeploymentPostprocessing = 0;
		};
/* End PBXSourcesBuildPhase section */

/* Begin PBXVariantGroup section */
		835811302AF5874E0005961A /* Localizable.strings */ = {
			isa = PBXVariantGroup;
			children = (
				835811312AF5874E0005961A /* ja */,
				835811322AF5874E0005961A /* en */,
				835811332AF5874E0005961A /* fr */,
			);
			name = Localizable.strings;
			sourceTree = "<group>";
		};
/* End PBXVariantGroup section */

/* Begin XCBuildConfiguration section */
		83E79BC32AE6FED800C5293C /* Debug */ = {
			isa = XCBuildConfiguration;
			buildSettings = {
				ALWAYS_SEARCH_USER_PATHS = NO;
				CLANG_ANALYZER_LOCALIZABILITY_NONLOCALIZED = YES;
				CLANG_ANALYZER_NONNULL = YES;
				CLANG_ANALYZER_NUMBER_OBJECT_CONVERSION = YES_AGGRESSIVE;
				CLANG_CXX_LANGUAGE_STANDARD = "gnu++20";
				CLANG_ENABLE_MODULES = YES;
				CLANG_ENABLE_OBJC_ARC = YES;
				CLANG_ENABLE_OBJC_WEAK = YES;
				CLANG_WARN_BLOCK_CAPTURE_AUTORELEASING = YES;
				CLANG_WARN_BOOL_CONVERSION = YES;
				CLANG_WARN_COMMA = YES;
				CLANG_WARN_CONSTANT_CONVERSION = YES;
				CLANG_WARN_DEPRECATED_OBJC_IMPLEMENTATIONS = YES;
				CLANG_WARN_DIRECT_OBJC_ISA_USAGE = YES_ERROR;
				CLANG_WARN_DOCUMENTATION_COMMENTS = YES;
				CLANG_WARN_EMPTY_BODY = YES;
				CLANG_WARN_ENUM_CONVERSION = YES;
				CLANG_WARN_INFINITE_RECURSION = YES;
				CLANG_WARN_INT_CONVERSION = YES;
				CLANG_WARN_NON_LITERAL_NULL_CONVERSION = YES;
				CLANG_WARN_OBJC_IMPLICIT_RETAIN_SELF = YES;
				CLANG_WARN_OBJC_LITERAL_CONVERSION = YES;
				CLANG_WARN_OBJC_ROOT_CLASS = YES_ERROR;
				CLANG_WARN_QUOTED_INCLUDE_IN_FRAMEWORK_HEADER = YES;
				CLANG_WARN_RANGE_LOOP_ANALYSIS = YES;
				CLANG_WARN_STRICT_PROTOTYPES = YES;
				CLANG_WARN_SUSPICIOUS_MOVE = YES;
				CLANG_WARN_UNGUARDED_AVAILABILITY = YES_AGGRESSIVE;
				CLANG_WARN_UNREACHABLE_CODE = YES;
				CLANG_WARN__DUPLICATE_METHOD_MATCH = YES;
				COPY_PHASE_STRIP = NO;
				DEBUG_INFORMATION_FORMAT = dwarf;
				ENABLE_STRICT_OBJC_MSGSEND = YES;
				ENABLE_TESTABILITY = YES;
				GCC_C_LANGUAGE_STANDARD = gnu11;
				GCC_DYNAMIC_NO_PIC = NO;
				GCC_NO_COMMON_BLOCKS = YES;
				GCC_OPTIMIZATION_LEVEL = 0;
				GCC_PREPROCESSOR_DEFINITIONS = (
					"DEBUG=1",
					"$(inherited)",
				);
				GCC_WARN_64_TO_32_BIT_CONVERSION = YES;
				GCC_WARN_ABOUT_RETURN_TYPE = YES_ERROR;
				GCC_WARN_UNDECLARED_SELECTOR = YES;
				GCC_WARN_UNINITIALIZED_AUTOS = YES_AGGRESSIVE;
				GCC_WARN_UNUSED_FUNCTION = YES;
				GCC_WARN_UNUSED_VARIABLE = YES;
				MACOSX_DEPLOYMENT_TARGET = 13.2;
				MTL_ENABLE_DEBUG_INFO = INCLUDE_SOURCE;
				MTL_FAST_MATH = YES;
				ONLY_ACTIVE_ARCH = YES;
				SDKROOT = macosx;
			};
			name = Debug;
		};
		83E79BC42AE6FED800C5293C /* Release */ = {
			isa = XCBuildConfiguration;
			buildSettings = {
				ALWAYS_SEARCH_USER_PATHS = NO;
				CLANG_ANALYZER_LOCALIZABILITY_NONLOCALIZED = YES;
				CLANG_ANALYZER_NONNULL = YES;
				CLANG_ANALYZER_NUMBER_OBJECT_CONVERSION = YES_AGGRESSIVE;
				CLANG_CXX_LANGUAGE_STANDARD = "gnu++20";
				CLANG_ENABLE_MODULES = YES;
				CLANG_ENABLE_OBJC_ARC = YES;
				CLANG_ENABLE_OBJC_WEAK = YES;
				CLANG_WARN_BLOCK_CAPTURE_AUTORELEASING = YES;
				CLANG_WARN_BOOL_CONVERSION = YES;
				CLANG_WARN_COMMA = YES;
				CLANG_WARN_CONSTANT_CONVERSION = YES;
				CLANG_WARN_DEPRECATED_OBJC_IMPLEMENTATIONS = YES;
				CLANG_WARN_DIRECT_OBJC_ISA_USAGE = YES_ERROR;
				CLANG_WARN_DOCUMENTATION_COMMENTS = YES;
				CLANG_WARN_EMPTY_BODY = YES;
				CLANG_WARN_ENUM_CONVERSION = YES;
				CLANG_WARN_INFINITE_RECURSION = YES;
				CLANG_WARN_INT_CONVERSION = YES;
				CLANG_WARN_NON_LITERAL_NULL_CONVERSION = YES;
				CLANG_WARN_OBJC_IMPLICIT_RETAIN_SELF = YES;
				CLANG_WARN_OBJC_LITERAL_CONVERSION = YES;
				CLANG_WARN_OBJC_ROOT_CLASS = YES_ERROR;
				CLANG_WARN_QUOTED_INCLUDE_IN_FRAMEWORK_HEADER = YES;
				CLANG_WARN_RANGE_LOOP_ANALYSIS = YES;
				CLANG_WARN_STRICT_PROTOTYPES = YES;
				CLANG_WARN_SUSPICIOUS_MOVE = YES;
				CLANG_WARN_UNGUARDED_AVAILABILITY = YES_AGGRESSIVE;
				CLANG_WARN_UNREACHABLE_CODE = YES;
				CLANG_WARN__DUPLICATE_METHOD_MATCH = YES;
				COPY_PHASE_STRIP = NO;
				DEBUG_INFORMATION_FORMAT = "dwarf-with-dsym";
				ENABLE_NS_ASSERTIONS = NO;
				ENABLE_STRICT_OBJC_MSGSEND = YES;
				GCC_C_LANGUAGE_STANDARD = gnu11;
				GCC_NO_COMMON_BLOCKS = YES;
				GCC_WARN_64_TO_32_BIT_CONVERSION = YES;
				GCC_WARN_ABOUT_RETURN_TYPE = YES_ERROR;
				GCC_WARN_UNDECLARED_SELECTOR = YES;
				GCC_WARN_UNINITIALIZED_AUTOS = YES_AGGRESSIVE;
				GCC_WARN_UNUSED_FUNCTION = YES;
				GCC_WARN_UNUSED_VARIABLE = YES;
				MACOSX_DEPLOYMENT_TARGET = 13.2;
				MTL_ENABLE_DEBUG_INFO = NO;
				MTL_FAST_MATH = YES;
				SDKROOT = macosx;
			};
			name = Release;
		};
		83E79BC62AE6FED800C5293C /* Debug */ = {
			isa = XCBuildConfiguration;
			buildSettings = {
				ASSETCATALOG_COMPILER_APPICON_NAME = AppIcon;
				ASSETCATALOG_COMPILER_GLOBAL_ACCENT_COLOR_NAME = "";
				ASSETCATALOG_COMPILER_INCLUDE_ALL_APPICON_ASSETS = YES;
				CODE_SIGN_ENTITLEMENTS = demo_xcode/coqlib_c_xcode_test.entitlements;
				CODE_SIGN_STYLE = Automatic;
				COMBINE_HIDPI_IMAGES = YES;
				CURRENT_PROJECT_VERSION = 1;
				GENERATE_INFOPLIST_FILE = YES;
				INFOPLIST_KEY_NSHumanReadableCopyright = "";
				INFOPLIST_KEY_NSMainNibFile = "";
				INFOPLIST_KEY_NSPrincipalClass = NSApplication;
				LD_RUNPATH_SEARCH_PATHS = (
					"$(inherited)",
					"@executable_path/../Frameworks",
				);
				MACOSX_DEPLOYMENT_TARGET = 10.15;
				MARKETING_VERSION = 1.0;
				PRODUCT_BUNDLE_IDENTIFIER = "Coq.coqlib-c-xcode-test";
				PRODUCT_NAME = "$(TARGET_NAME)";
				SWIFT_EMIT_LOC_STRINGS = YES;
			};
			name = Debug;
		};
		83E79BC72AE6FED800C5293C /* Release */ = {
			isa = XCBuildConfiguration;
			buildSettings = {
				ASSETCATALOG_COMPILER_APPICON_NAME = AppIcon;
				ASSETCATALOG_COMPILER_GLOBAL_ACCENT_COLOR_NAME = "";
				ASSETCATALOG_COMPILER_INCLUDE_ALL_APPICON_ASSETS = YES;
				CODE_SIGN_ENTITLEMENTS = demo_xcode/coqlib_c_xcode_test.entitlements;
				CODE_SIGN_STYLE = Automatic;
				COMBINE_HIDPI_IMAGES = YES;
				CURRENT_PROJECT_VERSION = 1;
				GENERATE_INFOPLIST_FILE = YES;
				INFOPLIST_KEY_NSHumanReadableCopyright = "";
				INFOPLIST_KEY_NSMainNibFile = "";
				INFOPLIST_KEY_NSPrincipalClass = NSApplication;
				LD_RUNPATH_SEARCH_PATHS = (
					"$(inherited)",
					"@executable_path/../Frameworks",
				);
				MACOSX_DEPLOYMENT_TARGET = 10.15;
				MARKETING_VERSION = 1.0;
				PRODUCT_BUNDLE_IDENTIFIER = "Coq.coqlib-c-xcode-test";
				PRODUCT_NAME = "$(TARGET_NAME)";
				SWIFT_EMIT_LOC_STRINGS = YES;
			};
			name = Release;
		};
/* End XCBuildConfiguration section */

/* Begin XCConfigurationList section */
		83E79BB02AE6FED700C5293C /* Build configuration list for PBXProject "demo_xcode" */ = {
			isa = XCConfigurationList;
			buildConfigurations = (
				83E79BC32AE6FED800C5293C /* Debug */,
				83E79BC42AE6FED800C5293C /* Release */,
			);
			defaultConfigurationIsVisible = 0;
			defaultConfigurationName = Release;
		};
		83E79BC52AE6FED800C5293C /* Build configuration list for PBXNativeTarget "demo_xcode" */ = {
			isa = XCConfigurationList;
			buildConfigurations = (
				83E79BC62AE6FED800C5293C /* Debug */,
				83E79BC72AE6FED800C5293C /* Release */,
			);
			defaultConfigurationIsVisible = 0;
			defaultConfigurationName = Release;
		};
/* End XCConfigurationList section */
	};
	rootObject = 83E79BAD2AE6FED700C5293C /* Project object */;
}
